<?xml version="1.0" encoding="utf-8"?>
<Project ToolsVersion="4.0" xmlns="http://schemas.microsoft.com/developer/msbuild/2003">
  <ItemGroup>
    <Filter Include="Source Files">
      <UniqueIdentifier>{4FC737F1-C7A5-4376-A066-2A32D752A2FF}</UniqueIdentifier>
      <Extensions>cpp;c;cc;cxx;def;odl;idl;hpj;bat;asm;asmx</Extensions>
    </Filter>
    <Filter Include="Header Files">
      <UniqueIdentifier>{93995380-89BD-4b04-88EB-625FBE52EBFB}</UniqueIdentifier>
      <Extensions>h;hpp;hxx;hm;inl;inc;xsd</Extensions>
    </Filter>
    <Filter Include="Resource Files">
      <UniqueIdentifier>{67DA6AB6-F800-4c08-8B7A-83BB121AAD01}</UniqueIdentifier>
      <Extensions>rc;ico;cur;bmp;dlg;rc2;rct;bin;rgs;gif;jpg;jpeg;jpe;resx;tiff;tif;png;wav;mfcribbon-ms</Extensions>
    </Filter>
  </ItemGroup>
  <ItemGroup>
    <None Include="ReadMe.txt" />
    <None Include="ExCap4.reg" />
    <None Include="res\ExCap4.rc2">
      <Filter>Resource Files</Filter>
    </None>
    <None Include="res\ExCap4.ico">
      <Filter>Resource Files</Filter>
    </None>
    <None Include="res\playbar.bmp">
      <Filter>Resource Files</Filter>
    </None>
    <None Include="res\Toolbar.bmp">
      <Filter>Resource Files</Filter>
    </None>
    <None Include="res\ExCapDoc.ico">
      <Filter>Resource Files</Filter>
    </None>
  </ItemGroup>
  <ItemGroup>
    <ClInclude Include="ExCap4.h">
      <Filter>Header Files</Filter>
    </ClInclude>
    <ClInclude Include="stdafx.h">
      <Filter>Header Files</Filter>
    </ClInclude>
    <ClInclude Include="targetver.h">
      <Filter>Header Files</Filter>
    </ClInclude>
    <ClInclude Include="MainFrm.h">
      <Filter>Header Files</Filter>
    </ClInclude>
    <ClInclude Include="ChildFrm.h">
      <Filter>Header Files</Filter>
    </ClInclude>
    <ClInclude Include="ExCapDoc.h">
      <Filter>Header Files</Filter>
    </ClInclude>
    <ClInclude Include="ExCapView.h">
      <Filter>Header Files</Filter>
    </ClInclude>
    <ClInclude Include="Resource.h">
      <Filter>Header Files</Filter>
    </ClInclude>
    <ClInclude Include="bitmap.h">
      <Filter>Header Files</Filter>
    </ClInclude>
    <ClInclude Include="dcamex.h">
      <Filter>Header Files</Filter>
    </ClInclude>
    <ClInclude Include="dcamimg.h">
      <Filter>Header Files</Filter>
    </ClInclude>
    <ClInclude Include="DlgDcamAbout.h">
      <Filter>Header Files</Filter>
    </ClInclude>
    <ClInclude Include="DlgDcamOpen.h">
      <Filter>Header Files</Filter>
    </ClInclude>
    <ClInclude Include="DlgDcamProperty.h">
      <Filter>Header Files</Filter>
    </ClInclude>
    <ClInclude Include="DlgExcapDataframes.h">
      <Filter>Header Files</Filter>
    </ClInclude>
    <ClInclude Include="DlgExcapFramerate.h">
      <Filter>Header Files</Filter>
    </ClInclude>
    <ClInclude Include="DlgExcapLut.h">
      <Filter>Header Files</Filter>
    </ClInclude>
    <ClInclude Include="DlgExcapRecord.h">
      <Filter>Header Files</Filter>
    </ClInclude>
    <ClInclude Include="ExCapApp.h">
      <Filter>Header Files</Filter>
    </ClInclude>
    <ClInclude Include="ExCapCallback.h">
      <Filter>Header Files</Filter>
    </ClInclude>
    <ClInclude Include="ExCapFiretrigger.h">
      <Filter>Header Files</Filter>
    </ClInclude>
    <ClInclude Include="ExCapFramerate.h">
      <Filter>Header Files</Filter>
    </ClInclude>
    <ClInclude Include="image.h">
      <Filter>Header Files</Filter>
    </ClInclude>
    <ClInclude Include="imagedcam.h">
      <Filter>Header Files</Filter>
    </ClInclude>
    <ClInclude Include="luttable.h">
      <Filter>Header Files</Filter>
    </ClInclude>
    <ClInclude Include="portable.h">
      <Filter>Header Files</Filter>
    </ClInclude>
    <ClInclude Include="qCallback.h">
      <Filter>Header Files</Filter>
    </ClInclude>
    <ClInclude Include="qMapfile.h">
      <Filter>Header Files</Filter>
    </ClInclude>
    <ClInclude Include="qThread.h">
      <Filter>Header Files</Filter>
    </ClInclude>
    <ClInclude Include="showdcamerr.h">
      <Filter>Header Files</Filter>
    </ClInclude>
  </ItemGroup>
  <ItemGroup>
    <ClCompile Include="stdafx.cpp">
      <Filter>Source Files</Filter>
    </ClCompile>
    <ClCompile Include="MainFrm.cpp">
      <Filter>Source Files</Filter>
    </ClCompile>
    <ClCompile Include="ChildFrm.cpp">
      <Filter>Source Files</Filter>
    </ClCompile>
    <ClCompile Include="ExCapDoc.cpp">
      <Filter>Source Files</Filter>
    </ClCompile>
    <ClCompile Include="ExCapView.cpp">
      <Filter>Source Files</Filter>
    </ClCompile>
    <ClCompile Include="bitmap.cpp">
      <Filter>Source Files</Filter>
    </ClCompile>
    <ClCompile Include="dcamex.cpp">
      <Filter>Source Files</Filter>
    </ClCompile>
    <ClCompile Include="dcamimg.cpp">
      <Filter>Source Files</Filter>
    </ClCompile>
    <ClCompile Include="DlgDcamAbout.cpp">
      <Filter>Source Files</Filter>
    </ClCompile>
    <ClCompile Include="DlgDcamOpen.cpp">
      <Filter>Source Files</Filter>
    </ClCompile>
    <ClCompile Include="DlgDcamProperty.cpp">
      <Filter>Source Files</Filter>
    </ClCompile>
    <ClCompile Include="DlgExcapDataframes.cpp">
      <Filter>Source Files</Filter>
    </ClCompile>
    <ClCompile Include="DlgExcapFramerate.cpp">
      <Filter>Source Files</Filter>
    </ClCompile>
    <ClCompile Include="DlgExcapLut.cpp">
      <Filter>Source Files</Filter>
    </ClCompile>
    <ClCompile Include="DlgExcapRecord.cpp">
      <Filter>Source Files</Filter>
    </ClCompile>
    <ClCompile Include="ExCapApp.cpp">
      <Filter>Source Files</Filter>
    </ClCompile>
    <ClCompile Include="ExCapFiretrigger.cpp">
      <Filter>Source Files</Filter>
    </ClCompile>
    <ClCompile Include="ExCapFramerate.cpp">
      <Filter>Source Files</Filter>
    </ClCompile>
    <ClCompile Include="image.cpp">
      <Filter>Source Files</Filter>
    </ClCompile>
    <ClCompile Include="imagedcam.cpp">
      <Filter>Source Files</Filter>
    </ClCompile>
    <ClCompile Include="luttable.cpp">
      <Filter>Source Files</Filter>
    </ClCompile>
    <ClCompile Include="qMapfile.cpp">
      <Filter>Source Files</Filter>
    </ClCompile>
    <ClCompile Include="qThread.cpp">
      <Filter>Source Files</Filter>
    </ClCompile>
    <ClCompile Include="showdcamerr.cpp">
      <Filter>Source Files</Filter>
    </ClCompile>
  </ItemGroup>
  <ItemGroup>
    <ResourceCompile Include="ExCap4.rc">
      <Filter>Resource Files</Filter>
    </ResourceCompile>
  </ItemGroup>
</Project>
