Microsoft Visual Studio Solution File, Format Version 12.00
# Visual Studio 2013
VisualStudioVersion = 12.0.21005.1
MinimumVisualStudioVersion = 10.0.40219.1
Project("{FAE04EC0-301F-11D3-BF4B-00C04F79EFBC}") = "ScanMaster", "ScanMaster\ScanMaster.csproj", "{373F31F0-A7B3-4EDA-BFAC-8F9E948F6D40}"
EndProject
Project("{FAE04EC0-301F-11D3-BF4B-00C04F79EFBC}") = "DAQ", "DAQ\DAQ.csproj", "{BB737B99-2E9F-40C9-9809-895A7C51AD40}"
EndProject
Project("{FAE04EC0-301F-11D3-BF4B-00C04F79EFBC}") = "SharedCode", "SharedCode\SharedCode.csproj", "{BA0A0540-3F1C-483B-A180-CB78DF424F15}"
EndProject
Project("{FAE04EC0-301F-11D3-BF4B-00C04F79EFBC}") = "EDMHardwareControl", "EDMHardwareControl\EDMHardwareControl.csproj", "{DFE81EE7-F9AF-4551-B3D7-336F14101AB6}"
EndProject
Project("{FAE04EC0-301F-11D3-BF4B-00C04F79EFBC}") = "DecelerationHardwareControl", "DecelerationHardwareControl\DecelerationHardwareControl.csproj", "{5B795C2A-3D76-4F42-94DF-1E823ED7AB90}"
EndProject
Project("{FAE04EC0-301F-11D3-BF4B-00C04F79EFBC}") = "DecelerationLaserLock", "DecelerationLaserLock\DecelerationLaserLock.csproj", "{8A6D6B26-EE29-49AA-8C0D-8585FE8AB3CA}"
EndProject
Project("{FAE04EC0-301F-11D3-BF4B-00C04F79EFBC}") = "EDMBlockHead", "EDMBlockHead\EDMBlockHead.csproj", "{DE347012-B8E0-4A43-A37F-5F30D0F3CBE1}"
EndProject
Project("{FAE04EC0-301F-11D3-BF4B-00C04F79EFBC}") = "EDMPhaseLock", "EDMPhaseLock\EDMPhaseLock.csproj", "{216E6D83-0304-4A0C-9BA7-F9DDF58F274A}"
EndProject
Project("{FAE04EC0-301F-11D3-BF4B-00C04F79EFBC}") = "SympatheticHardwareControl", "SympatheticHardwareControl\SympatheticHardwareControl.csproj", "{B223A45D-2F25-437F-B7DF-CE6C8DF97451}"
	ProjectSection(ProjectDependencies) = postProject
		{BB737B99-2E9F-40C9-9809-895A7C51AD40} = {BB737B99-2E9F-40C9-9809-895A7C51AD40}
	EndProjectSection
EndProject
Project("{FAE04EC0-301F-11D3-BF4B-00C04F79EFBC}") = "SirCachealot", "SirCachealot\SirCachealot.csproj", "{548E9AAE-FE20-42BE-B66F-84C41B510610}"
EndProject
Project("{FAE04EC0-301F-11D3-BF4B-00C04F79EFBC}") = "TransferCavityLock", "TransferCavityLock\TransferCavityLock.csproj", "{F91026E7-ED05-403E-923B-686806A0DF4F}"
EndProject
Project("{FAE04EC0-301F-11D3-BF4B-00C04F79EFBC}") = "SonOfSirCachealot", "SonOfSirCachealot\SonOfSirCachealot.csproj", "{434CD947-D8DB-4DB6-B28D-1879CB0E0353}"
EndProject
Project("{FAE04EC0-301F-11D3-BF4B-00C04F79EFBC}") = "TransferCavityLock2012", "TransferCavityLock2012\TransferCavityLock2012.csproj", "{F1BF43A3-5641-4ADF-81CB-35BC0D9AC423}"
EndProject
Project("{FAE04EC0-301F-11D3-BF4B-00C04F79EFBC}") = "BuffergasHardwareControl", "BuffergasHardwareControl\BuffergasHardwareControl.csproj", "{17AE4B60-4B86-4A09-BEED-4C6A6CCFA8AF}"
EndProject
Project("{FAE04EC0-301F-11D3-BF4B-00C04F79EFBC}") = "IMAQ", "IMAQ\IMAQ.csproj", "{FCE9FC5D-8BC1-4517-B4F6-AA446831A930}"
EndProject
Project("{FAE04EC0-301F-11D3-BF4B-00C04F79EFBC}") = "MOTMaster", "MOTMaster\MOTMaster.csproj", "{693FBF90-F77E-4AC3-B91B-C8A8034D0B4D}"
EndProject
Project("{FAE04EC0-301F-11D3-BF4B-00C04F79EFBC}") = "SympatheticMOTMasterScripts", "SympatheticMOTMasterScripts\SympatheticMOTMasterScripts.csproj", "{F5FE3F55-C1E7-4C23-B2CF-C0F70C2F5830}"
EndProject
Global
	GlobalSection(SolutionConfigurationPlatforms) = preSolution
		AnritsuVNA|Any CPU = AnritsuVNA|Any CPU
		AnritsuVNA|Mixed Platforms = AnritsuVNA|Mixed Platforms
		AnritsuVNA|x86 = AnritsuVNA|x86
		Buffer|Any CPU = Buffer|Any CPU
		Buffer|Mixed Platforms = Buffer|Mixed Platforms
		Buffer|x86 = Buffer|x86
		BufferClassic|Any CPU = BufferClassic|Any CPU
		BufferClassic|Mixed Platforms = BufferClassic|Mixed Platforms
		BufferClassic|x86 = BufferClassic|x86
		CaF|Any CPU = CaF|Any CPU
		CaF|Mixed Platforms = CaF|Mixed Platforms
		CaF|x86 = CaF|x86
		Debug|Any CPU = Debug|Any CPU
		Debug|Mixed Platforms = Debug|Mixed Platforms
		Debug|x86 = Debug|x86
		Decelerator|Any CPU = Decelerator|Any CPU
		Decelerator|Mixed Platforms = Decelerator|Mixed Platforms
		Decelerator|x86 = Decelerator|x86
		EDM|Any CPU = EDM|Any CPU
		EDM|Mixed Platforms = EDM|Mixed Platforms
		EDM|x86 = EDM|x86
		EDMAnalysis|Any CPU = EDMAnalysis|Any CPU
		EDMAnalysis|Mixed Platforms = EDMAnalysis|Mixed Platforms
		EDMAnalysis|x86 = EDMAnalysis|x86
		Release|Any CPU = Release|Any CPU
		Release|Mixed Platforms = Release|Mixed Platforms
		Release|x86 = Release|x86
		SrF|Any CPU = SrF|Any CPU
		SrF|Mixed Platforms = SrF|Mixed Platforms
		SrF|x86 = SrF|x86
		Sympathetic|Any CPU = Sympathetic|Any CPU
		Sympathetic|Mixed Platforms = Sympathetic|Mixed Platforms
		Sympathetic|x86 = Sympathetic|x86
	EndGlobalSection
	GlobalSection(ProjectConfigurationPlatforms) = postSolution
		{373F31F0-A7B3-4EDA-BFAC-8F9E948F6D40}.AnritsuVNA|Any CPU.ActiveCfg = Sympathetic|Any CPU
		{373F31F0-A7B3-4EDA-BFAC-8F9E948F6D40}.AnritsuVNA|Mixed Platforms.ActiveCfg = Sympathetic|Any CPU
		{373F31F0-A7B3-4EDA-BFAC-8F9E948F6D40}.AnritsuVNA|Mixed Platforms.Build.0 = Sympathetic|Any CPU
		{373F31F0-A7B3-4EDA-BFAC-8F9E948F6D40}.AnritsuVNA|x86.ActiveCfg = Sympathetic|Any CPU
		{373F31F0-A7B3-4EDA-BFAC-8F9E948F6D40}.Buffer|Any CPU.ActiveCfg = Buffer|Any CPU
		{373F31F0-A7B3-4EDA-BFAC-8F9E948F6D40}.Buffer|Any CPU.Build.0 = Buffer|Any CPU
		{373F31F0-A7B3-4EDA-BFAC-8F9E948F6D40}.Buffer|Mixed Platforms.ActiveCfg = Buffer|Any CPU
		{373F31F0-A7B3-4EDA-BFAC-8F9E948F6D40}.Buffer|Mixed Platforms.Build.0 = Buffer|Any CPU
		{373F31F0-A7B3-4EDA-BFAC-8F9E948F6D40}.Buffer|x86.ActiveCfg = Buffer|Any CPU
		{373F31F0-A7B3-4EDA-BFAC-8F9E948F6D40}.BufferClassic|Any CPU.ActiveCfg = BufferClassic|Any CPU
		{373F31F0-A7B3-4EDA-BFAC-8F9E948F6D40}.BufferClassic|Any CPU.Build.0 = BufferClassic|Any CPU
		{373F31F0-A7B3-4EDA-BFAC-8F9E948F6D40}.BufferClassic|Mixed Platforms.ActiveCfg = BufferClassic|Any CPU
		{373F31F0-A7B3-4EDA-BFAC-8F9E948F6D40}.BufferClassic|Mixed Platforms.Build.0 = BufferClassic|Any CPU
		{373F31F0-A7B3-4EDA-BFAC-8F9E948F6D40}.BufferClassic|x86.ActiveCfg = BufferClassic|Any CPU
		{373F31F0-A7B3-4EDA-BFAC-8F9E948F6D40}.CaF|Any CPU.ActiveCfg = CaF|Any CPU
		{373F31F0-A7B3-4EDA-BFAC-8F9E948F6D40}.CaF|Any CPU.Build.0 = CaF|Any CPU
		{373F31F0-A7B3-4EDA-BFAC-8F9E948F6D40}.CaF|Mixed Platforms.ActiveCfg = CaF|Any CPU
		{373F31F0-A7B3-4EDA-BFAC-8F9E948F6D40}.CaF|Mixed Platforms.Build.0 = CaF|Any CPU
		{373F31F0-A7B3-4EDA-BFAC-8F9E948F6D40}.CaF|x86.ActiveCfg = CaF|Any CPU
		{373F31F0-A7B3-4EDA-BFAC-8F9E948F6D40}.Debug|Any CPU.ActiveCfg = Decelerator|Any CPU
		{373F31F0-A7B3-4EDA-BFAC-8F9E948F6D40}.Debug|Any CPU.Build.0 = Decelerator|Any CPU
		{373F31F0-A7B3-4EDA-BFAC-8F9E948F6D40}.Debug|Mixed Platforms.ActiveCfg = Decelerator|Any CPU
		{373F31F0-A7B3-4EDA-BFAC-8F9E948F6D40}.Debug|Mixed Platforms.Build.0 = Decelerator|Any CPU
		{373F31F0-A7B3-4EDA-BFAC-8F9E948F6D40}.Debug|x86.ActiveCfg = Decelerator|Any CPU
		{373F31F0-A7B3-4EDA-BFAC-8F9E948F6D40}.Decelerator|Any CPU.ActiveCfg = Decelerator|Any CPU
		{373F31F0-A7B3-4EDA-BFAC-8F9E948F6D40}.Decelerator|Any CPU.Build.0 = Decelerator|Any CPU
		{373F31F0-A7B3-4EDA-BFAC-8F9E948F6D40}.Decelerator|Mixed Platforms.ActiveCfg = Decelerator|Any CPU
		{373F31F0-A7B3-4EDA-BFAC-8F9E948F6D40}.Decelerator|Mixed Platforms.Build.0 = Decelerator|Any CPU
		{373F31F0-A7B3-4EDA-BFAC-8F9E948F6D40}.Decelerator|x86.ActiveCfg = Decelerator|Any CPU
		{373F31F0-A7B3-4EDA-BFAC-8F9E948F6D40}.EDM|Any CPU.ActiveCfg = EDM|Any CPU
		{373F31F0-A7B3-4EDA-BFAC-8F9E948F6D40}.EDM|Any CPU.Build.0 = EDM|Any CPU
		{373F31F0-A7B3-4EDA-BFAC-8F9E948F6D40}.EDM|Mixed Platforms.ActiveCfg = EDM|Any CPU
		{373F31F0-A7B3-4EDA-BFAC-8F9E948F6D40}.EDM|Mixed Platforms.Build.0 = EDM|Any CPU
		{373F31F0-A7B3-4EDA-BFAC-8F9E948F6D40}.EDM|x86.ActiveCfg = EDM|Any CPU
		{373F31F0-A7B3-4EDA-BFAC-8F9E948F6D40}.EDMAnalysis|Any CPU.ActiveCfg = EDMAnalysis|Any CPU
		{373F31F0-A7B3-4EDA-BFAC-8F9E948F6D40}.EDMAnalysis|Mixed Platforms.ActiveCfg = EDMAnalysis|Any CPU
		{373F31F0-A7B3-4EDA-BFAC-8F9E948F6D40}.EDMAnalysis|x86.ActiveCfg = EDMAnalysis|Any CPU
		{373F31F0-A7B3-4EDA-BFAC-8F9E948F6D40}.Release|Any CPU.ActiveCfg = SrF|Any CPU
		{373F31F0-A7B3-4EDA-BFAC-8F9E948F6D40}.Release|Any CPU.Build.0 = SrF|Any CPU
		{373F31F0-A7B3-4EDA-BFAC-8F9E948F6D40}.Release|Mixed Platforms.ActiveCfg = SrF|Any CPU
		{373F31F0-A7B3-4EDA-BFAC-8F9E948F6D40}.Release|Mixed Platforms.Build.0 = SrF|Any CPU
		{373F31F0-A7B3-4EDA-BFAC-8F9E948F6D40}.Release|x86.ActiveCfg = SrF|Any CPU
		{373F31F0-A7B3-4EDA-BFAC-8F9E948F6D40}.SrF|Any CPU.ActiveCfg = SrF|Any CPU
		{373F31F0-A7B3-4EDA-BFAC-8F9E948F6D40}.SrF|Any CPU.Build.0 = SrF|Any CPU
		{373F31F0-A7B3-4EDA-BFAC-8F9E948F6D40}.SrF|Mixed Platforms.ActiveCfg = SrF|Any CPU
		{373F31F0-A7B3-4EDA-BFAC-8F9E948F6D40}.SrF|Mixed Platforms.Build.0 = SrF|Any CPU
		{373F31F0-A7B3-4EDA-BFAC-8F9E948F6D40}.SrF|x86.ActiveCfg = SrF|Any CPU
		{373F31F0-A7B3-4EDA-BFAC-8F9E948F6D40}.Sympathetic|Any CPU.ActiveCfg = Sympathetic|Any CPU
		{373F31F0-A7B3-4EDA-BFAC-8F9E948F6D40}.Sympathetic|Any CPU.Build.0 = Sympathetic|Any CPU
		{373F31F0-A7B3-4EDA-BFAC-8F9E948F6D40}.Sympathetic|Mixed Platforms.ActiveCfg = Sympathetic|Any CPU
		{373F31F0-A7B3-4EDA-BFAC-8F9E948F6D40}.Sympathetic|Mixed Platforms.Build.0 = Sympathetic|Any CPU
		{373F31F0-A7B3-4EDA-BFAC-8F9E948F6D40}.Sympathetic|x86.ActiveCfg = Sympathetic|Any CPU
		{BB737B99-2E9F-40C9-9809-895A7C51AD40}.AnritsuVNA|Any CPU.ActiveCfg = Sympathetic|Any CPU
		{BB737B99-2E9F-40C9-9809-895A7C51AD40}.AnritsuVNA|Any CPU.Build.0 = Sympathetic|Any CPU
		{BB737B99-2E9F-40C9-9809-895A7C51AD40}.AnritsuVNA|Mixed Platforms.ActiveCfg = Sympathetic|Any CPU
		{BB737B99-2E9F-40C9-9809-895A7C51AD40}.AnritsuVNA|Mixed Platforms.Build.0 = Sympathetic|Any CPU
		{BB737B99-2E9F-40C9-9809-895A7C51AD40}.AnritsuVNA|x86.ActiveCfg = Sympathetic|Any CPU
		{BB737B99-2E9F-40C9-9809-895A7C51AD40}.Buffer|Any CPU.ActiveCfg = Buffer|Any CPU
		{BB737B99-2E9F-40C9-9809-895A7C51AD40}.Buffer|Any CPU.Build.0 = Buffer|Any CPU
		{BB737B99-2E9F-40C9-9809-895A7C51AD40}.Buffer|Mixed Platforms.ActiveCfg = Buffer|Any CPU
		{BB737B99-2E9F-40C9-9809-895A7C51AD40}.Buffer|Mixed Platforms.Build.0 = Buffer|Any CPU
		{BB737B99-2E9F-40C9-9809-895A7C51AD40}.Buffer|x86.ActiveCfg = Buffer|Any CPU
		{BB737B99-2E9F-40C9-9809-895A7C51AD40}.BufferClassic|Any CPU.ActiveCfg = BufferClassic|Any CPU
		{BB737B99-2E9F-40C9-9809-895A7C51AD40}.BufferClassic|Any CPU.Build.0 = BufferClassic|Any CPU
		{BB737B99-2E9F-40C9-9809-895A7C51AD40}.BufferClassic|Mixed Platforms.ActiveCfg = BufferClassic|Any CPU
		{BB737B99-2E9F-40C9-9809-895A7C51AD40}.BufferClassic|Mixed Platforms.Build.0 = BufferClassic|Any CPU
		{BB737B99-2E9F-40C9-9809-895A7C51AD40}.BufferClassic|x86.ActiveCfg = BufferClassic|Any CPU
		{BB737B99-2E9F-40C9-9809-895A7C51AD40}.CaF|Any CPU.ActiveCfg = CaF|Any CPU
		{BB737B99-2E9F-40C9-9809-895A7C51AD40}.CaF|Any CPU.Build.0 = CaF|Any CPU
		{BB737B99-2E9F-40C9-9809-895A7C51AD40}.CaF|Mixed Platforms.ActiveCfg = CaF|Any CPU
		{BB737B99-2E9F-40C9-9809-895A7C51AD40}.CaF|Mixed Platforms.Build.0 = CaF|Any CPU
		{BB737B99-2E9F-40C9-9809-895A7C51AD40}.CaF|x86.ActiveCfg = CaF|Any CPU
		{BB737B99-2E9F-40C9-9809-895A7C51AD40}.Debug|Any CPU.ActiveCfg = Decelerator|Any CPU
		{BB737B99-2E9F-40C9-9809-895A7C51AD40}.Debug|Any CPU.Build.0 = Decelerator|Any CPU
		{BB737B99-2E9F-40C9-9809-895A7C51AD40}.Debug|Mixed Platforms.ActiveCfg = Decelerator|Any CPU
		{BB737B99-2E9F-40C9-9809-895A7C51AD40}.Debug|Mixed Platforms.Build.0 = Decelerator|Any CPU
		{BB737B99-2E9F-40C9-9809-895A7C51AD40}.Debug|x86.ActiveCfg = Decelerator|Any CPU
		{BB737B99-2E9F-40C9-9809-895A7C51AD40}.Decelerator|Any CPU.ActiveCfg = Decelerator|Any CPU
		{BB737B99-2E9F-40C9-9809-895A7C51AD40}.Decelerator|Any CPU.Build.0 = Decelerator|Any CPU
		{BB737B99-2E9F-40C9-9809-895A7C51AD40}.Decelerator|Mixed Platforms.ActiveCfg = Decelerator|Any CPU
		{BB737B99-2E9F-40C9-9809-895A7C51AD40}.Decelerator|Mixed Platforms.Build.0 = Decelerator|Any CPU
		{BB737B99-2E9F-40C9-9809-895A7C51AD40}.Decelerator|x86.ActiveCfg = Decelerator|Any CPU
		{BB737B99-2E9F-40C9-9809-895A7C51AD40}.EDM|Any CPU.ActiveCfg = EDM|Any CPU
		{BB737B99-2E9F-40C9-9809-895A7C51AD40}.EDM|Any CPU.Build.0 = EDM|Any CPU
		{BB737B99-2E9F-40C9-9809-895A7C51AD40}.EDM|Mixed Platforms.ActiveCfg = EDM|Any CPU
		{BB737B99-2E9F-40C9-9809-895A7C51AD40}.EDM|Mixed Platforms.Build.0 = EDM|Any CPU
		{BB737B99-2E9F-40C9-9809-895A7C51AD40}.EDM|x86.ActiveCfg = EDM|Any CPU
		{BB737B99-2E9F-40C9-9809-895A7C51AD40}.EDMAnalysis|Any CPU.ActiveCfg = EDMAnalysis|Any CPU
		{BB737B99-2E9F-40C9-9809-895A7C51AD40}.EDMAnalysis|Mixed Platforms.ActiveCfg = EDMAnalysis|Any CPU
		{BB737B99-2E9F-40C9-9809-895A7C51AD40}.EDMAnalysis|x86.ActiveCfg = EDMAnalysis|Any CPU
		{BB737B99-2E9F-40C9-9809-895A7C51AD40}.Release|Any CPU.ActiveCfg = SrF|Any CPU
		{BB737B99-2E9F-40C9-9809-895A7C51AD40}.Release|Any CPU.Build.0 = SrF|Any CPU
		{BB737B99-2E9F-40C9-9809-895A7C51AD40}.Release|Mixed Platforms.ActiveCfg = SrF|Any CPU
		{BB737B99-2E9F-40C9-9809-895A7C51AD40}.Release|Mixed Platforms.Build.0 = SrF|Any CPU
		{BB737B99-2E9F-40C9-9809-895A7C51AD40}.Release|x86.ActiveCfg = SrF|Any CPU
		{BB737B99-2E9F-40C9-9809-895A7C51AD40}.SrF|Any CPU.ActiveCfg = SrF|Any CPU
		{BB737B99-2E9F-40C9-9809-895A7C51AD40}.SrF|Any CPU.Build.0 = SrF|Any CPU
		{BB737B99-2E9F-40C9-9809-895A7C51AD40}.SrF|Mixed Platforms.ActiveCfg = SrF|Any CPU
		{BB737B99-2E9F-40C9-9809-895A7C51AD40}.SrF|Mixed Platforms.Build.0 = SrF|Any CPU
		{BB737B99-2E9F-40C9-9809-895A7C51AD40}.SrF|x86.ActiveCfg = SrF|Any CPU
		{BB737B99-2E9F-40C9-9809-895A7C51AD40}.Sympathetic|Any CPU.ActiveCfg = Sympathetic|Any CPU
		{BB737B99-2E9F-40C9-9809-895A7C51AD40}.Sympathetic|Any CPU.Build.0 = Sympathetic|Any CPU
		{BB737B99-2E9F-40C9-9809-895A7C51AD40}.Sympathetic|Mixed Platforms.ActiveCfg = Sympathetic|Any CPU
		{BB737B99-2E9F-40C9-9809-895A7C51AD40}.Sympathetic|Mixed Platforms.Build.0 = Sympathetic|Any CPU
		{BB737B99-2E9F-40C9-9809-895A7C51AD40}.Sympathetic|x86.ActiveCfg = Sympathetic|Any CPU
		{BA0A0540-3F1C-483B-A180-CB78DF424F15}.AnritsuVNA|Any CPU.ActiveCfg = Sympathetic|Any CPU
		{BA0A0540-3F1C-483B-A180-CB78DF424F15}.AnritsuVNA|Any CPU.Build.0 = Sympathetic|Any CPU
		{BA0A0540-3F1C-483B-A180-CB78DF424F15}.AnritsuVNA|Mixed Platforms.ActiveCfg = Sympathetic|Any CPU
		{BA0A0540-3F1C-483B-A180-CB78DF424F15}.AnritsuVNA|Mixed Platforms.Build.0 = Sympathetic|Any CPU
		{BA0A0540-3F1C-483B-A180-CB78DF424F15}.AnritsuVNA|x86.ActiveCfg = Sympathetic|Any CPU
		{BA0A0540-3F1C-483B-A180-CB78DF424F15}.Buffer|Any CPU.ActiveCfg = Buffer|Any CPU
		{BA0A0540-3F1C-483B-A180-CB78DF424F15}.Buffer|Any CPU.Build.0 = Buffer|Any CPU
		{BA0A0540-3F1C-483B-A180-CB78DF424F15}.Buffer|Mixed Platforms.ActiveCfg = Buffer|Any CPU
		{BA0A0540-3F1C-483B-A180-CB78DF424F15}.Buffer|Mixed Platforms.Build.0 = Buffer|Any CPU
		{BA0A0540-3F1C-483B-A180-CB78DF424F15}.Buffer|x86.ActiveCfg = Buffer|Any CPU
		{BA0A0540-3F1C-483B-A180-CB78DF424F15}.BufferClassic|Any CPU.ActiveCfg = BufferClassic|Any CPU
		{BA0A0540-3F1C-483B-A180-CB78DF424F15}.BufferClassic|Any CPU.Build.0 = BufferClassic|Any CPU
		{BA0A0540-3F1C-483B-A180-CB78DF424F15}.BufferClassic|Mixed Platforms.ActiveCfg = BufferClassic|Any CPU
		{BA0A0540-3F1C-483B-A180-CB78DF424F15}.BufferClassic|Mixed Platforms.Build.0 = BufferClassic|Any CPU
		{BA0A0540-3F1C-483B-A180-CB78DF424F15}.BufferClassic|x86.ActiveCfg = BufferClassic|Any CPU
		{BA0A0540-3F1C-483B-A180-CB78DF424F15}.CaF|Any CPU.ActiveCfg = CaF|Any CPU
		{BA0A0540-3F1C-483B-A180-CB78DF424F15}.CaF|Any CPU.Build.0 = CaF|Any CPU
		{BA0A0540-3F1C-483B-A180-CB78DF424F15}.CaF|Mixed Platforms.ActiveCfg = CaF|Any CPU
		{BA0A0540-3F1C-483B-A180-CB78DF424F15}.CaF|Mixed Platforms.Build.0 = CaF|Any CPU
		{BA0A0540-3F1C-483B-A180-CB78DF424F15}.CaF|x86.ActiveCfg = CaF|Any CPU
		{BA0A0540-3F1C-483B-A180-CB78DF424F15}.Debug|Any CPU.ActiveCfg = Decelerator|Any CPU
		{BA0A0540-3F1C-483B-A180-CB78DF424F15}.Debug|Any CPU.Build.0 = Decelerator|Any CPU
		{BA0A0540-3F1C-483B-A180-CB78DF424F15}.Debug|Mixed Platforms.ActiveCfg = Decelerator|Any CPU
		{BA0A0540-3F1C-483B-A180-CB78DF424F15}.Debug|Mixed Platforms.Build.0 = Decelerator|Any CPU
		{BA0A0540-3F1C-483B-A180-CB78DF424F15}.Debug|x86.ActiveCfg = Decelerator|Any CPU
		{BA0A0540-3F1C-483B-A180-CB78DF424F15}.Decelerator|Any CPU.ActiveCfg = Decelerator|Any CPU
		{BA0A0540-3F1C-483B-A180-CB78DF424F15}.Decelerator|Any CPU.Build.0 = Decelerator|Any CPU
		{BA0A0540-3F1C-483B-A180-CB78DF424F15}.Decelerator|Mixed Platforms.ActiveCfg = Decelerator|Any CPU
		{BA0A0540-3F1C-483B-A180-CB78DF424F15}.Decelerator|Mixed Platforms.Build.0 = Decelerator|Any CPU
		{BA0A0540-3F1C-483B-A180-CB78DF424F15}.Decelerator|x86.ActiveCfg = Decelerator|Any CPU
		{BA0A0540-3F1C-483B-A180-CB78DF424F15}.EDM|Any CPU.ActiveCfg = EDM|Any CPU
		{BA0A0540-3F1C-483B-A180-CB78DF424F15}.EDM|Any CPU.Build.0 = EDM|Any CPU
		{BA0A0540-3F1C-483B-A180-CB78DF424F15}.EDM|Mixed Platforms.ActiveCfg = EDM|Any CPU
		{BA0A0540-3F1C-483B-A180-CB78DF424F15}.EDM|Mixed Platforms.Build.0 = EDM|Any CPU
		{BA0A0540-3F1C-483B-A180-CB78DF424F15}.EDM|x86.ActiveCfg = EDM|Any CPU
		{BA0A0540-3F1C-483B-A180-CB78DF424F15}.EDMAnalysis|Any CPU.ActiveCfg = EDMAnalysis|Any CPU
		{BA0A0540-3F1C-483B-A180-CB78DF424F15}.EDMAnalysis|Any CPU.Build.0 = EDMAnalysis|Any CPU
		{BA0A0540-3F1C-483B-A180-CB78DF424F15}.EDMAnalysis|Mixed Platforms.ActiveCfg = EDMAnalysis|Any CPU
		{BA0A0540-3F1C-483B-A180-CB78DF424F15}.EDMAnalysis|Mixed Platforms.Build.0 = EDMAnalysis|Any CPU
		{BA0A0540-3F1C-483B-A180-CB78DF424F15}.EDMAnalysis|x86.ActiveCfg = EDMAnalysis|Any CPU
		{BA0A0540-3F1C-483B-A180-CB78DF424F15}.Release|Any CPU.ActiveCfg = SrF|Any CPU
		{BA0A0540-3F1C-483B-A180-CB78DF424F15}.Release|Any CPU.Build.0 = SrF|Any CPU
		{BA0A0540-3F1C-483B-A180-CB78DF424F15}.Release|Mixed Platforms.ActiveCfg = SrF|Any CPU
		{BA0A0540-3F1C-483B-A180-CB78DF424F15}.Release|Mixed Platforms.Build.0 = SrF|Any CPU
		{BA0A0540-3F1C-483B-A180-CB78DF424F15}.Release|x86.ActiveCfg = SrF|Any CPU
		{BA0A0540-3F1C-483B-A180-CB78DF424F15}.SrF|Any CPU.ActiveCfg = SrF|Any CPU
		{BA0A0540-3F1C-483B-A180-CB78DF424F15}.SrF|Any CPU.Build.0 = SrF|Any CPU
		{BA0A0540-3F1C-483B-A180-CB78DF424F15}.SrF|Mixed Platforms.ActiveCfg = SrF|Any CPU
		{BA0A0540-3F1C-483B-A180-CB78DF424F15}.SrF|Mixed Platforms.Build.0 = SrF|Any CPU
		{BA0A0540-3F1C-483B-A180-CB78DF424F15}.SrF|x86.ActiveCfg = SrF|Any CPU
		{BA0A0540-3F1C-483B-A180-CB78DF424F15}.Sympathetic|Any CPU.ActiveCfg = Sympathetic|Any CPU
		{BA0A0540-3F1C-483B-A180-CB78DF424F15}.Sympathetic|Any CPU.Build.0 = Sympathetic|Any CPU
		{BA0A0540-3F1C-483B-A180-CB78DF424F15}.Sympathetic|Mixed Platforms.ActiveCfg = Sympathetic|Any CPU
		{BA0A0540-3F1C-483B-A180-CB78DF424F15}.Sympathetic|Mixed Platforms.Build.0 = Sympathetic|Any CPU
		{BA0A0540-3F1C-483B-A180-CB78DF424F15}.Sympathetic|x86.ActiveCfg = Sympathetic|Any CPU
		{DFE81EE7-F9AF-4551-B3D7-336F14101AB6}.AnritsuVNA|Any CPU.ActiveCfg = Sympathetic|Any CPU
		{DFE81EE7-F9AF-4551-B3D7-336F14101AB6}.AnritsuVNA|Mixed Platforms.ActiveCfg = Sympathetic|Any CPU
		{DFE81EE7-F9AF-4551-B3D7-336F14101AB6}.AnritsuVNA|x86.ActiveCfg = Sympathetic|Any CPU
		{DFE81EE7-F9AF-4551-B3D7-336F14101AB6}.Buffer|Any CPU.ActiveCfg = Buffer|Any CPU
		{DFE81EE7-F9AF-4551-B3D7-336F14101AB6}.Buffer|Mixed Platforms.ActiveCfg = Buffer|Any CPU
		{DFE81EE7-F9AF-4551-B3D7-336F14101AB6}.Buffer|x86.ActiveCfg = Buffer|Any CPU
		{DFE81EE7-F9AF-4551-B3D7-336F14101AB6}.BufferClassic|Any CPU.ActiveCfg = BufferClassic|Any CPU
		{DFE81EE7-F9AF-4551-B3D7-336F14101AB6}.BufferClassic|Mixed Platforms.ActiveCfg = BufferClassic|Any CPU
		{DFE81EE7-F9AF-4551-B3D7-336F14101AB6}.BufferClassic|x86.ActiveCfg = BufferClassic|Any CPU
		{DFE81EE7-F9AF-4551-B3D7-336F14101AB6}.CaF|Any CPU.ActiveCfg = CaF|Any CPU
		{DFE81EE7-F9AF-4551-B3D7-336F14101AB6}.CaF|Mixed Platforms.ActiveCfg = CaF|Any CPU
		{DFE81EE7-F9AF-4551-B3D7-336F14101AB6}.CaF|x86.ActiveCfg = CaF|Any CPU
		{DFE81EE7-F9AF-4551-B3D7-336F14101AB6}.Debug|Any CPU.ActiveCfg = Decelerator|Any CPU
		{DFE81EE7-F9AF-4551-B3D7-336F14101AB6}.Debug|Any CPU.Build.0 = Decelerator|Any CPU
		{DFE81EE7-F9AF-4551-B3D7-336F14101AB6}.Debug|Mixed Platforms.ActiveCfg = Decelerator|Any CPU
		{DFE81EE7-F9AF-4551-B3D7-336F14101AB6}.Debug|Mixed Platforms.Build.0 = Decelerator|Any CPU
		{DFE81EE7-F9AF-4551-B3D7-336F14101AB6}.Debug|x86.ActiveCfg = Decelerator|Any CPU
		{DFE81EE7-F9AF-4551-B3D7-336F14101AB6}.Decelerator|Any CPU.ActiveCfg = Decelerator|Any CPU
		{DFE81EE7-F9AF-4551-B3D7-336F14101AB6}.Decelerator|Mixed Platforms.ActiveCfg = Decelerator|Any CPU
		{DFE81EE7-F9AF-4551-B3D7-336F14101AB6}.Decelerator|x86.ActiveCfg = Decelerator|Any CPU
		{DFE81EE7-F9AF-4551-B3D7-336F14101AB6}.EDM|Any CPU.ActiveCfg = EDM|Any CPU
		{DFE81EE7-F9AF-4551-B3D7-336F14101AB6}.EDM|Any CPU.Build.0 = EDM|Any CPU
		{DFE81EE7-F9AF-4551-B3D7-336F14101AB6}.EDM|Mixed Platforms.ActiveCfg = EDM|Any CPU
		{DFE81EE7-F9AF-4551-B3D7-336F14101AB6}.EDM|Mixed Platforms.Build.0 = EDM|Any CPU
		{DFE81EE7-F9AF-4551-B3D7-336F14101AB6}.EDM|x86.ActiveCfg = EDM|Any CPU
		{DFE81EE7-F9AF-4551-B3D7-336F14101AB6}.EDMAnalysis|Any CPU.ActiveCfg = EDMAnalysis|Any CPU
		{DFE81EE7-F9AF-4551-B3D7-336F14101AB6}.EDMAnalysis|Mixed Platforms.ActiveCfg = EDMAnalysis|Any CPU
		{DFE81EE7-F9AF-4551-B3D7-336F14101AB6}.EDMAnalysis|x86.ActiveCfg = EDMAnalysis|Any CPU
		{DFE81EE7-F9AF-4551-B3D7-336F14101AB6}.Release|Any CPU.ActiveCfg = SrF|Any CPU
		{DFE81EE7-F9AF-4551-B3D7-336F14101AB6}.Release|Any CPU.Build.0 = SrF|Any CPU
		{DFE81EE7-F9AF-4551-B3D7-336F14101AB6}.Release|Mixed Platforms.ActiveCfg = SrF|Any CPU
		{DFE81EE7-F9AF-4551-B3D7-336F14101AB6}.Release|Mixed Platforms.Build.0 = SrF|Any CPU
		{DFE81EE7-F9AF-4551-B3D7-336F14101AB6}.Release|x86.ActiveCfg = SrF|Any CPU
		{DFE81EE7-F9AF-4551-B3D7-336F14101AB6}.SrF|Any CPU.ActiveCfg = SrF|Any CPU
		{DFE81EE7-F9AF-4551-B3D7-336F14101AB6}.SrF|Mixed Platforms.ActiveCfg = SrF|Any CPU
		{DFE81EE7-F9AF-4551-B3D7-336F14101AB6}.SrF|Mixed Platforms.Build.0 = SrF|Any CPU
		{DFE81EE7-F9AF-4551-B3D7-336F14101AB6}.SrF|x86.ActiveCfg = SrF|Any CPU
		{DFE81EE7-F9AF-4551-B3D7-336F14101AB6}.Sympathetic|Any CPU.ActiveCfg = Sympathetic|Any CPU
		{DFE81EE7-F9AF-4551-B3D7-336F14101AB6}.Sympathetic|Mixed Platforms.ActiveCfg = Sympathetic|Any CPU
		{DFE81EE7-F9AF-4551-B3D7-336F14101AB6}.Sympathetic|x86.ActiveCfg = Sympathetic|Any CPU
		{5B795C2A-3D76-4F42-94DF-1E823ED7AB90}.AnritsuVNA|Any CPU.ActiveCfg = Sympathetic|Any CPU
		{5B795C2A-3D76-4F42-94DF-1E823ED7AB90}.AnritsuVNA|Mixed Platforms.ActiveCfg = Sympathetic|Any CPU
		{5B795C2A-3D76-4F42-94DF-1E823ED7AB90}.AnritsuVNA|Mixed Platforms.Build.0 = Sympathetic|Any CPU
		{5B795C2A-3D76-4F42-94DF-1E823ED7AB90}.AnritsuVNA|x86.ActiveCfg = Sympathetic|Any CPU
		{5B795C2A-3D76-4F42-94DF-1E823ED7AB90}.Buffer|Any CPU.ActiveCfg = Buffer|Any CPU
		{5B795C2A-3D76-4F42-94DF-1E823ED7AB90}.Buffer|Mixed Platforms.ActiveCfg = Buffer|Any CPU
		{5B795C2A-3D76-4F42-94DF-1E823ED7AB90}.Buffer|x86.ActiveCfg = Buffer|Any CPU
		{5B795C2A-3D76-4F42-94DF-1E823ED7AB90}.BufferClassic|Any CPU.ActiveCfg = BufferClassic|Any CPU
		{5B795C2A-3D76-4F42-94DF-1E823ED7AB90}.BufferClassic|Mixed Platforms.ActiveCfg = BufferClassic|Any CPU
		{5B795C2A-3D76-4F42-94DF-1E823ED7AB90}.BufferClassic|x86.ActiveCfg = BufferClassic|Any CPU
		{5B795C2A-3D76-4F42-94DF-1E823ED7AB90}.CaF|Any CPU.ActiveCfg = CaF|Any CPU
		{5B795C2A-3D76-4F42-94DF-1E823ED7AB90}.CaF|Any CPU.Build.0 = CaF|Any CPU
		{5B795C2A-3D76-4F42-94DF-1E823ED7AB90}.CaF|Mixed Platforms.ActiveCfg = CaF|Any CPU
		{5B795C2A-3D76-4F42-94DF-1E823ED7AB90}.CaF|Mixed Platforms.Build.0 = CaF|Any CPU
		{5B795C2A-3D76-4F42-94DF-1E823ED7AB90}.CaF|x86.ActiveCfg = CaF|Any CPU
		{5B795C2A-3D76-4F42-94DF-1E823ED7AB90}.Debug|Any CPU.ActiveCfg = Decelerator|Any CPU
		{5B795C2A-3D76-4F42-94DF-1E823ED7AB90}.Debug|Any CPU.Build.0 = Decelerator|Any CPU
		{5B795C2A-3D76-4F42-94DF-1E823ED7AB90}.Debug|Mixed Platforms.ActiveCfg = Decelerator|Any CPU
		{5B795C2A-3D76-4F42-94DF-1E823ED7AB90}.Debug|Mixed Platforms.Build.0 = Decelerator|Any CPU
		{5B795C2A-3D76-4F42-94DF-1E823ED7AB90}.Debug|x86.ActiveCfg = Decelerator|Any CPU
		{5B795C2A-3D76-4F42-94DF-1E823ED7AB90}.Decelerator|Any CPU.ActiveCfg = Decelerator|Any CPU
		{5B795C2A-3D76-4F42-94DF-1E823ED7AB90}.Decelerator|Any CPU.Build.0 = Decelerator|Any CPU
		{5B795C2A-3D76-4F42-94DF-1E823ED7AB90}.Decelerator|Mixed Platforms.ActiveCfg = Decelerator|Any CPU
		{5B795C2A-3D76-4F42-94DF-1E823ED7AB90}.Decelerator|Mixed Platforms.Build.0 = Decelerator|Any CPU
		{5B795C2A-3D76-4F42-94DF-1E823ED7AB90}.Decelerator|x86.ActiveCfg = Decelerator|Any CPU
		{5B795C2A-3D76-4F42-94DF-1E823ED7AB90}.EDM|Any CPU.ActiveCfg = EDM|Any CPU
		{5B795C2A-3D76-4F42-94DF-1E823ED7AB90}.EDM|Mixed Platforms.ActiveCfg = EDM|Any CPU
		{5B795C2A-3D76-4F42-94DF-1E823ED7AB90}.EDM|x86.ActiveCfg = EDM|Any CPU
		{5B795C2A-3D76-4F42-94DF-1E823ED7AB90}.EDMAnalysis|Any CPU.ActiveCfg = EDMAnalysis|Any CPU
		{5B795C2A-3D76-4F42-94DF-1E823ED7AB90}.EDMAnalysis|Mixed Platforms.ActiveCfg = EDMAnalysis|Any CPU
		{5B795C2A-3D76-4F42-94DF-1E823ED7AB90}.EDMAnalysis|x86.ActiveCfg = EDMAnalysis|Any CPU
		{5B795C2A-3D76-4F42-94DF-1E823ED7AB90}.Release|Any CPU.ActiveCfg = SrF|Any CPU
		{5B795C2A-3D76-4F42-94DF-1E823ED7AB90}.Release|Any CPU.Build.0 = SrF|Any CPU
		{5B795C2A-3D76-4F42-94DF-1E823ED7AB90}.Release|Mixed Platforms.ActiveCfg = SrF|Any CPU
		{5B795C2A-3D76-4F42-94DF-1E823ED7AB90}.Release|Mixed Platforms.Build.0 = SrF|Any CPU
		{5B795C2A-3D76-4F42-94DF-1E823ED7AB90}.Release|x86.ActiveCfg = SrF|Any CPU
		{5B795C2A-3D76-4F42-94DF-1E823ED7AB90}.SrF|Any CPU.ActiveCfg = SrF|Any CPU
		{5B795C2A-3D76-4F42-94DF-1E823ED7AB90}.SrF|Mixed Platforms.ActiveCfg = SrF|Any CPU
		{5B795C2A-3D76-4F42-94DF-1E823ED7AB90}.SrF|Mixed Platforms.Build.0 = SrF|Any CPU
		{5B795C2A-3D76-4F42-94DF-1E823ED7AB90}.SrF|x86.ActiveCfg = SrF|Any CPU
		{5B795C2A-3D76-4F42-94DF-1E823ED7AB90}.Sympathetic|Any CPU.ActiveCfg = Sympathetic|Any CPU
		{5B795C2A-3D76-4F42-94DF-1E823ED7AB90}.Sympathetic|Any CPU.Build.0 = Sympathetic|Any CPU
		{5B795C2A-3D76-4F42-94DF-1E823ED7AB90}.Sympathetic|Mixed Platforms.ActiveCfg = Sympathetic|Any CPU
		{5B795C2A-3D76-4F42-94DF-1E823ED7AB90}.Sympathetic|Mixed Platforms.Build.0 = Sympathetic|Any CPU
		{5B795C2A-3D76-4F42-94DF-1E823ED7AB90}.Sympathetic|x86.ActiveCfg = Sympathetic|Any CPU
		{8A6D6B26-EE29-49AA-8C0D-8585FE8AB3CA}.AnritsuVNA|Any CPU.ActiveCfg = Sympathetic|Any CPU
		{8A6D6B26-EE29-49AA-8C0D-8585FE8AB3CA}.AnritsuVNA|Mixed Platforms.ActiveCfg = Sympathetic|Any CPU
		{8A6D6B26-EE29-49AA-8C0D-8585FE8AB3CA}.AnritsuVNA|x86.ActiveCfg = Sympathetic|Any CPU
		{8A6D6B26-EE29-49AA-8C0D-8585FE8AB3CA}.Buffer|Any CPU.ActiveCfg = Buffer|Any CPU
		{8A6D6B26-EE29-49AA-8C0D-8585FE8AB3CA}.Buffer|Mixed Platforms.ActiveCfg = Buffer|Any CPU
		{8A6D6B26-EE29-49AA-8C0D-8585FE8AB3CA}.Buffer|x86.ActiveCfg = Buffer|Any CPU
		{8A6D6B26-EE29-49AA-8C0D-8585FE8AB3CA}.BufferClassic|Any CPU.ActiveCfg = BufferClassic|Any CPU
		{8A6D6B26-EE29-49AA-8C0D-8585FE8AB3CA}.BufferClassic|Mixed Platforms.ActiveCfg = BufferClassic|Any CPU
		{8A6D6B26-EE29-49AA-8C0D-8585FE8AB3CA}.BufferClassic|x86.ActiveCfg = BufferClassic|Any CPU
		{8A6D6B26-EE29-49AA-8C0D-8585FE8AB3CA}.CaF|Any CPU.ActiveCfg = CaF|Any CPU
		{8A6D6B26-EE29-49AA-8C0D-8585FE8AB3CA}.CaF|Any CPU.Build.0 = CaF|Any CPU
		{8A6D6B26-EE29-49AA-8C0D-8585FE8AB3CA}.CaF|Mixed Platforms.ActiveCfg = CaF|Any CPU
		{8A6D6B26-EE29-49AA-8C0D-8585FE8AB3CA}.CaF|Mixed Platforms.Build.0 = CaF|Any CPU
		{8A6D6B26-EE29-49AA-8C0D-8585FE8AB3CA}.CaF|x86.ActiveCfg = CaF|Any CPU
		{8A6D6B26-EE29-49AA-8C0D-8585FE8AB3CA}.Debug|Any CPU.ActiveCfg = Decelerator|Any CPU
		{8A6D6B26-EE29-49AA-8C0D-8585FE8AB3CA}.Debug|Any CPU.Build.0 = Decelerator|Any CPU
		{8A6D6B26-EE29-49AA-8C0D-8585FE8AB3CA}.Debug|Mixed Platforms.ActiveCfg = Decelerator|Any CPU
		{8A6D6B26-EE29-49AA-8C0D-8585FE8AB3CA}.Debug|Mixed Platforms.Build.0 = Decelerator|Any CPU
		{8A6D6B26-EE29-49AA-8C0D-8585FE8AB3CA}.Debug|x86.ActiveCfg = Decelerator|Any CPU
		{8A6D6B26-EE29-49AA-8C0D-8585FE8AB3CA}.Decelerator|Any CPU.ActiveCfg = Decelerator|Any CPU
		{8A6D6B26-EE29-49AA-8C0D-8585FE8AB3CA}.Decelerator|Any CPU.Build.0 = Decelerator|Any CPU
		{8A6D6B26-EE29-49AA-8C0D-8585FE8AB3CA}.Decelerator|Mixed Platforms.ActiveCfg = Decelerator|Any CPU
		{8A6D6B26-EE29-49AA-8C0D-8585FE8AB3CA}.Decelerator|x86.ActiveCfg = Decelerator|Any CPU
		{8A6D6B26-EE29-49AA-8C0D-8585FE8AB3CA}.EDM|Any CPU.ActiveCfg = EDM|Any CPU
		{8A6D6B26-EE29-49AA-8C0D-8585FE8AB3CA}.EDM|Mixed Platforms.ActiveCfg = EDM|Any CPU
		{8A6D6B26-EE29-49AA-8C0D-8585FE8AB3CA}.EDM|x86.ActiveCfg = EDM|Any CPU
		{8A6D6B26-EE29-49AA-8C0D-8585FE8AB3CA}.EDMAnalysis|Any CPU.ActiveCfg = EDMAnalysis|Any CPU
		{8A6D6B26-EE29-49AA-8C0D-8585FE8AB3CA}.EDMAnalysis|Mixed Platforms.ActiveCfg = EDMAnalysis|Any CPU
		{8A6D6B26-EE29-49AA-8C0D-8585FE8AB3CA}.EDMAnalysis|x86.ActiveCfg = EDMAnalysis|Any CPU
		{8A6D6B26-EE29-49AA-8C0D-8585FE8AB3CA}.Release|Any CPU.ActiveCfg = SrF|Any CPU
		{8A6D6B26-EE29-49AA-8C0D-8585FE8AB3CA}.Release|Any CPU.Build.0 = SrF|Any CPU
		{8A6D6B26-EE29-49AA-8C0D-8585FE8AB3CA}.Release|Mixed Platforms.ActiveCfg = SrF|Any CPU
		{8A6D6B26-EE29-49AA-8C0D-8585FE8AB3CA}.Release|Mixed Platforms.Build.0 = SrF|Any CPU
		{8A6D6B26-EE29-49AA-8C0D-8585FE8AB3CA}.Release|x86.ActiveCfg = SrF|Any CPU
		{8A6D6B26-EE29-49AA-8C0D-8585FE8AB3CA}.SrF|Any CPU.ActiveCfg = SrF|Any CPU
		{8A6D6B26-EE29-49AA-8C0D-8585FE8AB3CA}.SrF|Mixed Platforms.ActiveCfg = SrF|Any CPU
		{8A6D6B26-EE29-49AA-8C0D-8585FE8AB3CA}.SrF|Mixed Platforms.Build.0 = SrF|Any CPU
		{8A6D6B26-EE29-49AA-8C0D-8585FE8AB3CA}.SrF|x86.ActiveCfg = SrF|Any CPU
		{8A6D6B26-EE29-49AA-8C0D-8585FE8AB3CA}.Sympathetic|Any CPU.ActiveCfg = Sympathetic|Any CPU
		{8A6D6B26-EE29-49AA-8C0D-8585FE8AB3CA}.Sympathetic|Mixed Platforms.ActiveCfg = Sympathetic|Any CPU
		{8A6D6B26-EE29-49AA-8C0D-8585FE8AB3CA}.Sympathetic|x86.ActiveCfg = Sympathetic|Any CPU
		{DE347012-B8E0-4A43-A37F-5F30D0F3CBE1}.AnritsuVNA|Any CPU.ActiveCfg = Sympathetic|Any CPU
		{DE347012-B8E0-4A43-A37F-5F30D0F3CBE1}.AnritsuVNA|Mixed Platforms.ActiveCfg = Sympathetic|Any CPU
		{DE347012-B8E0-4A43-A37F-5F30D0F3CBE1}.AnritsuVNA|x86.ActiveCfg = Sympathetic|Any CPU
		{DE347012-B8E0-4A43-A37F-5F30D0F3CBE1}.Buffer|Any CPU.ActiveCfg = Buffer|Any CPU
		{DE347012-B8E0-4A43-A37F-5F30D0F3CBE1}.Buffer|Mixed Platforms.ActiveCfg = Buffer|Any CPU
		{DE347012-B8E0-4A43-A37F-5F30D0F3CBE1}.Buffer|x86.ActiveCfg = Buffer|Any CPU
		{DE347012-B8E0-4A43-A37F-5F30D0F3CBE1}.BufferClassic|Any CPU.ActiveCfg = BufferClassic|Any CPU
		{DE347012-B8E0-4A43-A37F-5F30D0F3CBE1}.BufferClassic|Mixed Platforms.ActiveCfg = BufferClassic|Any CPU
		{DE347012-B8E0-4A43-A37F-5F30D0F3CBE1}.BufferClassic|x86.ActiveCfg = BufferClassic|Any CPU
		{DE347012-B8E0-4A43-A37F-5F30D0F3CBE1}.CaF|Any CPU.ActiveCfg = CaF|Any CPU
		{DE347012-B8E0-4A43-A37F-5F30D0F3CBE1}.CaF|Mixed Platforms.ActiveCfg = CaF|Any CPU
		{DE347012-B8E0-4A43-A37F-5F30D0F3CBE1}.CaF|x86.ActiveCfg = CaF|Any CPU
		{DE347012-B8E0-4A43-A37F-5F30D0F3CBE1}.Debug|Any CPU.ActiveCfg = Decelerator|Any CPU
		{DE347012-B8E0-4A43-A37F-5F30D0F3CBE1}.Debug|Any CPU.Build.0 = Decelerator|Any CPU
		{DE347012-B8E0-4A43-A37F-5F30D0F3CBE1}.Debug|Mixed Platforms.ActiveCfg = Decelerator|Any CPU
		{DE347012-B8E0-4A43-A37F-5F30D0F3CBE1}.Debug|Mixed Platforms.Build.0 = Decelerator|Any CPU
		{DE347012-B8E0-4A43-A37F-5F30D0F3CBE1}.Debug|x86.ActiveCfg = Decelerator|Any CPU
		{DE347012-B8E0-4A43-A37F-5F30D0F3CBE1}.Decelerator|Any CPU.ActiveCfg = Decelerator|Any CPU
		{DE347012-B8E0-4A43-A37F-5F30D0F3CBE1}.Decelerator|Mixed Platforms.ActiveCfg = Decelerator|Any CPU
		{DE347012-B8E0-4A43-A37F-5F30D0F3CBE1}.Decelerator|x86.ActiveCfg = Decelerator|Any CPU
		{DE347012-B8E0-4A43-A37F-5F30D0F3CBE1}.EDM|Any CPU.ActiveCfg = EDM|Any CPU
		{DE347012-B8E0-4A43-A37F-5F30D0F3CBE1}.EDM|Any CPU.Build.0 = EDM|Any CPU
		{DE347012-B8E0-4A43-A37F-5F30D0F3CBE1}.EDM|Mixed Platforms.ActiveCfg = EDM|Any CPU
		{DE347012-B8E0-4A43-A37F-5F30D0F3CBE1}.EDM|Mixed Platforms.Build.0 = EDM|Any CPU
		{DE347012-B8E0-4A43-A37F-5F30D0F3CBE1}.EDM|x86.ActiveCfg = EDM|Any CPU
		{DE347012-B8E0-4A43-A37F-5F30D0F3CBE1}.EDMAnalysis|Any CPU.ActiveCfg = EDMAnalysis|Any CPU
		{DE347012-B8E0-4A43-A37F-5F30D0F3CBE1}.EDMAnalysis|Mixed Platforms.ActiveCfg = EDMAnalysis|Any CPU
		{DE347012-B8E0-4A43-A37F-5F30D0F3CBE1}.EDMAnalysis|x86.ActiveCfg = EDMAnalysis|Any CPU
		{DE347012-B8E0-4A43-A37F-5F30D0F3CBE1}.Release|Any CPU.ActiveCfg = SrF|Any CPU
		{DE347012-B8E0-4A43-A37F-5F30D0F3CBE1}.Release|Any CPU.Build.0 = SrF|Any CPU
		{DE347012-B8E0-4A43-A37F-5F30D0F3CBE1}.Release|Mixed Platforms.ActiveCfg = SrF|Any CPU
		{DE347012-B8E0-4A43-A37F-5F30D0F3CBE1}.Release|Mixed Platforms.Build.0 = SrF|Any CPU
		{DE347012-B8E0-4A43-A37F-5F30D0F3CBE1}.Release|x86.ActiveCfg = SrF|Any CPU
		{DE347012-B8E0-4A43-A37F-5F30D0F3CBE1}.SrF|Any CPU.ActiveCfg = SrF|Any CPU
		{DE347012-B8E0-4A43-A37F-5F30D0F3CBE1}.SrF|Mixed Platforms.ActiveCfg = SrF|Any CPU
		{DE347012-B8E0-4A43-A37F-5F30D0F3CBE1}.SrF|Mixed Platforms.Build.0 = SrF|Any CPU
		{DE347012-B8E0-4A43-A37F-5F30D0F3CBE1}.SrF|x86.ActiveCfg = SrF|Any CPU
		{DE347012-B8E0-4A43-A37F-5F30D0F3CBE1}.Sympathetic|Any CPU.ActiveCfg = Sympathetic|Any CPU
		{DE347012-B8E0-4A43-A37F-5F30D0F3CBE1}.Sympathetic|Mixed Platforms.ActiveCfg = Sympathetic|Any CPU
		{DE347012-B8E0-4A43-A37F-5F30D0F3CBE1}.Sympathetic|x86.ActiveCfg = Sympathetic|Any CPU
		{216E6D83-0304-4A0C-9BA7-F9DDF58F274A}.AnritsuVNA|Any CPU.ActiveCfg = Sympathetic|Any CPU
		{216E6D83-0304-4A0C-9BA7-F9DDF58F274A}.AnritsuVNA|Mixed Platforms.ActiveCfg = Sympathetic|Any CPU
		{216E6D83-0304-4A0C-9BA7-F9DDF58F274A}.AnritsuVNA|x86.ActiveCfg = Sympathetic|Any CPU
		{216E6D83-0304-4A0C-9BA7-F9DDF58F274A}.Buffer|Any CPU.ActiveCfg = Buffer|Any CPU
		{216E6D83-0304-4A0C-9BA7-F9DDF58F274A}.Buffer|Any CPU.Build.0 = Buffer|Any CPU
		{216E6D83-0304-4A0C-9BA7-F9DDF58F274A}.Buffer|Mixed Platforms.ActiveCfg = Buffer|Any CPU
		{216E6D83-0304-4A0C-9BA7-F9DDF58F274A}.Buffer|Mixed Platforms.Build.0 = Buffer|Any CPU
		{216E6D83-0304-4A0C-9BA7-F9DDF58F274A}.Buffer|x86.ActiveCfg = Buffer|Any CPU
		{216E6D83-0304-4A0C-9BA7-F9DDF58F274A}.BufferClassic|Any CPU.ActiveCfg = BufferClassic|Any CPU
		{216E6D83-0304-4A0C-9BA7-F9DDF58F274A}.BufferClassic|Any CPU.Build.0 = BufferClassic|Any CPU
		{216E6D83-0304-4A0C-9BA7-F9DDF58F274A}.BufferClassic|Mixed Platforms.ActiveCfg = BufferClassic|Any CPU
		{216E6D83-0304-4A0C-9BA7-F9DDF58F274A}.BufferClassic|x86.ActiveCfg = BufferClassic|Any CPU
		{216E6D83-0304-4A0C-9BA7-F9DDF58F274A}.CaF|Any CPU.ActiveCfg = CaF|Any CPU
		{216E6D83-0304-4A0C-9BA7-F9DDF58F274A}.CaF|Mixed Platforms.ActiveCfg = CaF|Any CPU
		{216E6D83-0304-4A0C-9BA7-F9DDF58F274A}.CaF|x86.ActiveCfg = CaF|Any CPU
		{216E6D83-0304-4A0C-9BA7-F9DDF58F274A}.Debug|Any CPU.ActiveCfg = Decelerator|Any CPU
		{216E6D83-0304-4A0C-9BA7-F9DDF58F274A}.Debug|Any CPU.Build.0 = Decelerator|Any CPU
		{216E6D83-0304-4A0C-9BA7-F9DDF58F274A}.Debug|Mixed Platforms.ActiveCfg = Decelerator|Any CPU
		{216E6D83-0304-4A0C-9BA7-F9DDF58F274A}.Debug|Mixed Platforms.Build.0 = Decelerator|Any CPU
		{216E6D83-0304-4A0C-9BA7-F9DDF58F274A}.Debug|x86.ActiveCfg = Decelerator|Any CPU
		{216E6D83-0304-4A0C-9BA7-F9DDF58F274A}.Decelerator|Any CPU.ActiveCfg = Decelerator|Any CPU
		{216E6D83-0304-4A0C-9BA7-F9DDF58F274A}.Decelerator|Mixed Platforms.ActiveCfg = Decelerator|Any CPU
		{216E6D83-0304-4A0C-9BA7-F9DDF58F274A}.Decelerator|x86.ActiveCfg = Decelerator|Any CPU
		{216E6D83-0304-4A0C-9BA7-F9DDF58F274A}.EDM|Any CPU.ActiveCfg = EDM|Any CPU
		{216E6D83-0304-4A0C-9BA7-F9DDF58F274A}.EDM|Any CPU.Build.0 = EDM|Any CPU
		{216E6D83-0304-4A0C-9BA7-F9DDF58F274A}.EDM|Mixed Platforms.ActiveCfg = EDM|Any CPU
		{216E6D83-0304-4A0C-9BA7-F9DDF58F274A}.EDM|Mixed Platforms.Build.0 = EDM|Any CPU
		{216E6D83-0304-4A0C-9BA7-F9DDF58F274A}.EDM|x86.ActiveCfg = EDM|Any CPU
		{216E6D83-0304-4A0C-9BA7-F9DDF58F274A}.EDMAnalysis|Any CPU.ActiveCfg = EDMAnalysis|Any CPU
		{216E6D83-0304-4A0C-9BA7-F9DDF58F274A}.EDMAnalysis|Mixed Platforms.ActiveCfg = EDMAnalysis|Any CPU
		{216E6D83-0304-4A0C-9BA7-F9DDF58F274A}.EDMAnalysis|x86.ActiveCfg = EDMAnalysis|Any CPU
		{216E6D83-0304-4A0C-9BA7-F9DDF58F274A}.Release|Any CPU.ActiveCfg = SrF|Any CPU
		{216E6D83-0304-4A0C-9BA7-F9DDF58F274A}.Release|Any CPU.Build.0 = SrF|Any CPU
		{216E6D83-0304-4A0C-9BA7-F9DDF58F274A}.Release|Mixed Platforms.ActiveCfg = SrF|Any CPU
		{216E6D83-0304-4A0C-9BA7-F9DDF58F274A}.Release|Mixed Platforms.Build.0 = SrF|Any CPU
		{216E6D83-0304-4A0C-9BA7-F9DDF58F274A}.Release|x86.ActiveCfg = SrF|Any CPU
		{216E6D83-0304-4A0C-9BA7-F9DDF58F274A}.SrF|Any CPU.ActiveCfg = SrF|Any CPU
		{216E6D83-0304-4A0C-9BA7-F9DDF58F274A}.SrF|Mixed Platforms.ActiveCfg = SrF|Any CPU
		{216E6D83-0304-4A0C-9BA7-F9DDF58F274A}.SrF|Mixed Platforms.Build.0 = SrF|Any CPU
		{216E6D83-0304-4A0C-9BA7-F9DDF58F274A}.SrF|x86.ActiveCfg = SrF|Any CPU
		{216E6D83-0304-4A0C-9BA7-F9DDF58F274A}.Sympathetic|Any CPU.ActiveCfg = Sympathetic|Any CPU
		{216E6D83-0304-4A0C-9BA7-F9DDF58F274A}.Sympathetic|Mixed Platforms.ActiveCfg = Sympathetic|Any CPU
		{216E6D83-0304-4A0C-9BA7-F9DDF58F274A}.Sympathetic|x86.ActiveCfg = Sympathetic|Any CPU
		{B223A45D-2F25-437F-B7DF-CE6C8DF97451}.AnritsuVNA|Any CPU.ActiveCfg = Sympathetic|Any CPU
		{B223A45D-2F25-437F-B7DF-CE6C8DF97451}.AnritsuVNA|Mixed Platforms.ActiveCfg = Sympathetic|Any CPU
		{B223A45D-2F25-437F-B7DF-CE6C8DF97451}.AnritsuVNA|Mixed Platforms.Build.0 = Sympathetic|Any CPU
		{B223A45D-2F25-437F-B7DF-CE6C8DF97451}.AnritsuVNA|x86.ActiveCfg = Sympathetic|Any CPU
		{B223A45D-2F25-437F-B7DF-CE6C8DF97451}.Buffer|Any CPU.ActiveCfg = Buffer|Any CPU
		{B223A45D-2F25-437F-B7DF-CE6C8DF97451}.Buffer|Mixed Platforms.ActiveCfg = Buffer|Any CPU
		{B223A45D-2F25-437F-B7DF-CE6C8DF97451}.Buffer|x86.ActiveCfg = Buffer|Any CPU
		{B223A45D-2F25-437F-B7DF-CE6C8DF97451}.BufferClassic|Any CPU.ActiveCfg = BufferClassic|Any CPU
		{B223A45D-2F25-437F-B7DF-CE6C8DF97451}.BufferClassic|Mixed Platforms.ActiveCfg = BufferClassic|Any CPU
		{B223A45D-2F25-437F-B7DF-CE6C8DF97451}.BufferClassic|x86.ActiveCfg = BufferClassic|Any CPU
		{B223A45D-2F25-437F-B7DF-CE6C8DF97451}.CaF|Any CPU.ActiveCfg = CaF|Any CPU
		{B223A45D-2F25-437F-B7DF-CE6C8DF97451}.CaF|Mixed Platforms.ActiveCfg = CaF|Any CPU
		{B223A45D-2F25-437F-B7DF-CE6C8DF97451}.CaF|Mixed Platforms.Build.0 = CaF|Any CPU
		{B223A45D-2F25-437F-B7DF-CE6C8DF97451}.CaF|x86.ActiveCfg = CaF|Any CPU
		{B223A45D-2F25-437F-B7DF-CE6C8DF97451}.Debug|Any CPU.ActiveCfg = Decelerator|Any CPU
		{B223A45D-2F25-437F-B7DF-CE6C8DF97451}.Debug|Any CPU.Build.0 = Decelerator|Any CPU
		{B223A45D-2F25-437F-B7DF-CE6C8DF97451}.Debug|Mixed Platforms.ActiveCfg = Decelerator|Any CPU
		{B223A45D-2F25-437F-B7DF-CE6C8DF97451}.Debug|Mixed Platforms.Build.0 = Decelerator|Any CPU
		{B223A45D-2F25-437F-B7DF-CE6C8DF97451}.Debug|x86.ActiveCfg = Decelerator|Any CPU
		{B223A45D-2F25-437F-B7DF-CE6C8DF97451}.Decelerator|Any CPU.ActiveCfg = Decelerator|Any CPU
		{B223A45D-2F25-437F-B7DF-CE6C8DF97451}.Decelerator|Mixed Platforms.ActiveCfg = Decelerator|Any CPU
		{B223A45D-2F25-437F-B7DF-CE6C8DF97451}.Decelerator|x86.ActiveCfg = Decelerator|Any CPU
		{B223A45D-2F25-437F-B7DF-CE6C8DF97451}.EDM|Any CPU.ActiveCfg = EDM|Any CPU
		{B223A45D-2F25-437F-B7DF-CE6C8DF97451}.EDM|Mixed Platforms.ActiveCfg = EDM|Any CPU
		{B223A45D-2F25-437F-B7DF-CE6C8DF97451}.EDM|x86.ActiveCfg = EDM|Any CPU
		{B223A45D-2F25-437F-B7DF-CE6C8DF97451}.EDMAnalysis|Any CPU.ActiveCfg = EDMAnalysis|Any CPU
		{B223A45D-2F25-437F-B7DF-CE6C8DF97451}.EDMAnalysis|Mixed Platforms.ActiveCfg = EDMAnalysis|Any CPU
		{B223A45D-2F25-437F-B7DF-CE6C8DF97451}.EDMAnalysis|x86.ActiveCfg = EDMAnalysis|Any CPU
		{B223A45D-2F25-437F-B7DF-CE6C8DF97451}.Release|Any CPU.ActiveCfg = SrF|Any CPU
		{B223A45D-2F25-437F-B7DF-CE6C8DF97451}.Release|Any CPU.Build.0 = SrF|Any CPU
		{B223A45D-2F25-437F-B7DF-CE6C8DF97451}.Release|Mixed Platforms.ActiveCfg = SrF|Any CPU
		{B223A45D-2F25-437F-B7DF-CE6C8DF97451}.Release|Mixed Platforms.Build.0 = SrF|Any CPU
		{B223A45D-2F25-437F-B7DF-CE6C8DF97451}.Release|x86.ActiveCfg = SrF|Any CPU
		{B223A45D-2F25-437F-B7DF-CE6C8DF97451}.SrF|Any CPU.ActiveCfg = SrF|Any CPU
		{B223A45D-2F25-437F-B7DF-CE6C8DF97451}.SrF|Mixed Platforms.ActiveCfg = SrF|Any CPU
		{B223A45D-2F25-437F-B7DF-CE6C8DF97451}.SrF|Mixed Platforms.Build.0 = SrF|Any CPU
		{B223A45D-2F25-437F-B7DF-CE6C8DF97451}.SrF|x86.ActiveCfg = SrF|Any CPU
		{B223A45D-2F25-437F-B7DF-CE6C8DF97451}.Sympathetic|Any CPU.ActiveCfg = Sympathetic|Any CPU
		{B223A45D-2F25-437F-B7DF-CE6C8DF97451}.Sympathetic|Any CPU.Build.0 = Sympathetic|Any CPU
		{B223A45D-2F25-437F-B7DF-CE6C8DF97451}.Sympathetic|Mixed Platforms.ActiveCfg = Sympathetic|Any CPU
		{B223A45D-2F25-437F-B7DF-CE6C8DF97451}.Sympathetic|Mixed Platforms.Build.0 = Sympathetic|Any CPU
		{B223A45D-2F25-437F-B7DF-CE6C8DF97451}.Sympathetic|x86.ActiveCfg = Sympathetic|Any CPU
		{548E9AAE-FE20-42BE-B66F-84C41B510610}.AnritsuVNA|Any CPU.ActiveCfg = Sympathetic|Any CPU
		{548E9AAE-FE20-42BE-B66F-84C41B510610}.AnritsuVNA|Mixed Platforms.ActiveCfg = Sympathetic|Any CPU
		{548E9AAE-FE20-42BE-B66F-84C41B510610}.AnritsuVNA|x86.ActiveCfg = Sympathetic|Any CPU
		{548E9AAE-FE20-42BE-B66F-84C41B510610}.Buffer|Any CPU.ActiveCfg = Buffer|Any CPU
		{548E9AAE-FE20-42BE-B66F-84C41B510610}.Buffer|Mixed Platforms.ActiveCfg = Buffer|Any CPU
		{548E9AAE-FE20-42BE-B66F-84C41B510610}.Buffer|x86.ActiveCfg = Buffer|Any CPU
		{548E9AAE-FE20-42BE-B66F-84C41B510610}.BufferClassic|Any CPU.ActiveCfg = BufferClassic|Any CPU
		{548E9AAE-FE20-42BE-B66F-84C41B510610}.BufferClassic|Mixed Platforms.ActiveCfg = BufferClassic|Any CPU
		{548E9AAE-FE20-42BE-B66F-84C41B510610}.BufferClassic|x86.ActiveCfg = BufferClassic|Any CPU
		{548E9AAE-FE20-42BE-B66F-84C41B510610}.CaF|Any CPU.ActiveCfg = CaF|Any CPU
		{548E9AAE-FE20-42BE-B66F-84C41B510610}.CaF|Mixed Platforms.ActiveCfg = CaF|Any CPU
		{548E9AAE-FE20-42BE-B66F-84C41B510610}.CaF|x86.ActiveCfg = CaF|Any CPU
		{548E9AAE-FE20-42BE-B66F-84C41B510610}.Debug|Any CPU.ActiveCfg = Decelerator|Any CPU
		{548E9AAE-FE20-42BE-B66F-84C41B510610}.Debug|Any CPU.Build.0 = Decelerator|Any CPU
		{548E9AAE-FE20-42BE-B66F-84C41B510610}.Debug|Mixed Platforms.ActiveCfg = Decelerator|Any CPU
		{548E9AAE-FE20-42BE-B66F-84C41B510610}.Debug|Mixed Platforms.Build.0 = Decelerator|Any CPU
		{548E9AAE-FE20-42BE-B66F-84C41B510610}.Debug|x86.ActiveCfg = Decelerator|Any CPU
		{548E9AAE-FE20-42BE-B66F-84C41B510610}.Decelerator|Any CPU.ActiveCfg = Decelerator|Any CPU
		{548E9AAE-FE20-42BE-B66F-84C41B510610}.Decelerator|Mixed Platforms.ActiveCfg = Decelerator|Any CPU
		{548E9AAE-FE20-42BE-B66F-84C41B510610}.Decelerator|x86.ActiveCfg = Decelerator|Any CPU
		{548E9AAE-FE20-42BE-B66F-84C41B510610}.EDM|Any CPU.ActiveCfg = EDM|Any CPU
		{548E9AAE-FE20-42BE-B66F-84C41B510610}.EDM|Any CPU.Build.0 = EDM|Any CPU
		{548E9AAE-FE20-42BE-B66F-84C41B510610}.EDM|Mixed Platforms.ActiveCfg = EDM|Any CPU
		{548E9AAE-FE20-42BE-B66F-84C41B510610}.EDM|Mixed Platforms.Build.0 = EDM|Any CPU
		{548E9AAE-FE20-42BE-B66F-84C41B510610}.EDM|x86.ActiveCfg = EDM|Any CPU
		{548E9AAE-FE20-42BE-B66F-84C41B510610}.EDMAnalysis|Any CPU.ActiveCfg = EDMAnalysis|Any CPU
		{548E9AAE-FE20-42BE-B66F-84C41B510610}.EDMAnalysis|Any CPU.Build.0 = EDMAnalysis|Any CPU
		{548E9AAE-FE20-42BE-B66F-84C41B510610}.EDMAnalysis|Mixed Platforms.ActiveCfg = EDMAnalysis|Any CPU
		{548E9AAE-FE20-42BE-B66F-84C41B510610}.EDMAnalysis|Mixed Platforms.Build.0 = EDMAnalysis|Any CPU
		{548E9AAE-FE20-42BE-B66F-84C41B510610}.EDMAnalysis|x86.ActiveCfg = EDMAnalysis|Any CPU
		{548E9AAE-FE20-42BE-B66F-84C41B510610}.Release|Any CPU.ActiveCfg = SrF|Any CPU
		{548E9AAE-FE20-42BE-B66F-84C41B510610}.Release|Any CPU.Build.0 = SrF|Any CPU
		{548E9AAE-FE20-42BE-B66F-84C41B510610}.Release|Mixed Platforms.ActiveCfg = SrF|Any CPU
		{548E9AAE-FE20-42BE-B66F-84C41B510610}.Release|Mixed Platforms.Build.0 = SrF|Any CPU
		{548E9AAE-FE20-42BE-B66F-84C41B510610}.Release|x86.ActiveCfg = SrF|Any CPU
		{548E9AAE-FE20-42BE-B66F-84C41B510610}.SrF|Any CPU.ActiveCfg = SrF|Any CPU
		{548E9AAE-FE20-42BE-B66F-84C41B510610}.SrF|Mixed Platforms.ActiveCfg = SrF|Any CPU
		{548E9AAE-FE20-42BE-B66F-84C41B510610}.SrF|Mixed Platforms.Build.0 = SrF|Any CPU
		{548E9AAE-FE20-42BE-B66F-84C41B510610}.SrF|x86.ActiveCfg = SrF|Any CPU
		{548E9AAE-FE20-42BE-B66F-84C41B510610}.Sympathetic|Any CPU.ActiveCfg = Sympathetic|Any CPU
		{548E9AAE-FE20-42BE-B66F-84C41B510610}.Sympathetic|Mixed Platforms.ActiveCfg = Sympathetic|Any CPU
		{548E9AAE-FE20-42BE-B66F-84C41B510610}.Sympathetic|x86.ActiveCfg = Sympathetic|Any CPU
		{F91026E7-ED05-403E-923B-686806A0DF4F}.AnritsuVNA|Any CPU.ActiveCfg = Sympathetic|Any CPU
		{F91026E7-ED05-403E-923B-686806A0DF4F}.AnritsuVNA|Mixed Platforms.ActiveCfg = Sympathetic|Any CPU
		{F91026E7-ED05-403E-923B-686806A0DF4F}.AnritsuVNA|x86.ActiveCfg = Sympathetic|Any CPU
		{F91026E7-ED05-403E-923B-686806A0DF4F}.Buffer|Any CPU.ActiveCfg = Buffer|Any CPU
		{F91026E7-ED05-403E-923B-686806A0DF4F}.Buffer|Mixed Platforms.ActiveCfg = Buffer|Any CPU
		{F91026E7-ED05-403E-923B-686806A0DF4F}.Buffer|x86.ActiveCfg = Buffer|Any CPU
		{F91026E7-ED05-403E-923B-686806A0DF4F}.BufferClassic|Any CPU.ActiveCfg = BufferClassic|Any CPU
		{F91026E7-ED05-403E-923B-686806A0DF4F}.BufferClassic|Mixed Platforms.ActiveCfg = BufferClassic|Any CPU
		{F91026E7-ED05-403E-923B-686806A0DF4F}.BufferClassic|x86.ActiveCfg = BufferClassic|Any CPU
		{F91026E7-ED05-403E-923B-686806A0DF4F}.CaF|Any CPU.ActiveCfg = CaF|Any CPU
		{F91026E7-ED05-403E-923B-686806A0DF4F}.CaF|Mixed Platforms.ActiveCfg = CaF|Any CPU
		{F91026E7-ED05-403E-923B-686806A0DF4F}.CaF|x86.ActiveCfg = CaF|Any CPU
		{F91026E7-ED05-403E-923B-686806A0DF4F}.Debug|Any CPU.ActiveCfg = Buffer|Any CPU
		{F91026E7-ED05-403E-923B-686806A0DF4F}.Debug|Any CPU.Build.0 = Buffer|Any CPU
		{F91026E7-ED05-403E-923B-686806A0DF4F}.Debug|Mixed Platforms.ActiveCfg = Decelerator|Any CPU
		{F91026E7-ED05-403E-923B-686806A0DF4F}.Debug|Mixed Platforms.Build.0 = Decelerator|Any CPU
		{F91026E7-ED05-403E-923B-686806A0DF4F}.Debug|x86.ActiveCfg = Decelerator|Any CPU
		{F91026E7-ED05-403E-923B-686806A0DF4F}.Decelerator|Any CPU.ActiveCfg = Decelerator|Any CPU
		{F91026E7-ED05-403E-923B-686806A0DF4F}.Decelerator|Mixed Platforms.ActiveCfg = Decelerator|Any CPU
		{F91026E7-ED05-403E-923B-686806A0DF4F}.Decelerator|x86.ActiveCfg = Decelerator|Any CPU
		{F91026E7-ED05-403E-923B-686806A0DF4F}.EDM|Any CPU.ActiveCfg = EDM|Any CPU
		{F91026E7-ED05-403E-923B-686806A0DF4F}.EDM|Mixed Platforms.ActiveCfg = EDM|Any CPU
		{F91026E7-ED05-403E-923B-686806A0DF4F}.EDM|x86.ActiveCfg = EDM|Any CPU
		{F91026E7-ED05-403E-923B-686806A0DF4F}.EDMAnalysis|Any CPU.ActiveCfg = EDMAnalysis|Any CPU
		{F91026E7-ED05-403E-923B-686806A0DF4F}.EDMAnalysis|Mixed Platforms.ActiveCfg = EDMAnalysis|Any CPU
		{F91026E7-ED05-403E-923B-686806A0DF4F}.EDMAnalysis|x86.ActiveCfg = EDMAnalysis|Any CPU
		{F91026E7-ED05-403E-923B-686806A0DF4F}.Release|Any CPU.ActiveCfg = BufferClassic|Any CPU
		{F91026E7-ED05-403E-923B-686806A0DF4F}.Release|Any CPU.Build.0 = BufferClassic|Any CPU
		{F91026E7-ED05-403E-923B-686806A0DF4F}.Release|Mixed Platforms.ActiveCfg = BufferClassic|Any CPU
		{F91026E7-ED05-403E-923B-686806A0DF4F}.Release|Mixed Platforms.Build.0 = BufferClassic|Any CPU
		{F91026E7-ED05-403E-923B-686806A0DF4F}.Release|x86.ActiveCfg = BufferClassic|Any CPU
		{F91026E7-ED05-403E-923B-686806A0DF4F}.SrF|Any CPU.ActiveCfg = SrF|Any CPU
		{F91026E7-ED05-403E-923B-686806A0DF4F}.SrF|Mixed Platforms.ActiveCfg = SrF|Any CPU
		{F91026E7-ED05-403E-923B-686806A0DF4F}.SrF|Mixed Platforms.Build.0 = SrF|Any CPU
		{F91026E7-ED05-403E-923B-686806A0DF4F}.SrF|x86.ActiveCfg = SrF|Any CPU
		{F91026E7-ED05-403E-923B-686806A0DF4F}.Sympathetic|Any CPU.ActiveCfg = Sympathetic|Any CPU
		{F91026E7-ED05-403E-923B-686806A0DF4F}.Sympathetic|Mixed Platforms.ActiveCfg = Sympathetic|Any CPU
		{F91026E7-ED05-403E-923B-686806A0DF4F}.Sympathetic|x86.ActiveCfg = Sympathetic|Any CPU
		{434CD947-D8DB-4DB6-B28D-1879CB0E0353}.AnritsuVNA|Any CPU.ActiveCfg = Sympathetic|Any CPU
		{434CD947-D8DB-4DB6-B28D-1879CB0E0353}.AnritsuVNA|Mixed Platforms.ActiveCfg = Sympathetic|Any CPU
		{434CD947-D8DB-4DB6-B28D-1879CB0E0353}.AnritsuVNA|Mixed Platforms.Build.0 = Sympathetic|Any CPU
		{434CD947-D8DB-4DB6-B28D-1879CB0E0353}.AnritsuVNA|x86.ActiveCfg = Sympathetic|Any CPU
		{434CD947-D8DB-4DB6-B28D-1879CB0E0353}.Buffer|Any CPU.ActiveCfg = Buffer|Any CPU
		{434CD947-D8DB-4DB6-B28D-1879CB0E0353}.Buffer|Any CPU.Build.0 = Buffer|Any CPU
		{434CD947-D8DB-4DB6-B28D-1879CB0E0353}.Buffer|Mixed Platforms.ActiveCfg = Buffer|Any CPU
		{434CD947-D8DB-4DB6-B28D-1879CB0E0353}.Buffer|x86.ActiveCfg = Buffer|Any CPU
		{434CD947-D8DB-4DB6-B28D-1879CB0E0353}.BufferClassic|Any CPU.ActiveCfg = BufferClassic|Any CPU
		{434CD947-D8DB-4DB6-B28D-1879CB0E0353}.BufferClassic|Mixed Platforms.ActiveCfg = BufferClassic|Any CPU
		{434CD947-D8DB-4DB6-B28D-1879CB0E0353}.BufferClassic|x86.ActiveCfg = BufferClassic|Any CPU
		{434CD947-D8DB-4DB6-B28D-1879CB0E0353}.CaF|Any CPU.ActiveCfg = CaF|Any CPU
		{434CD947-D8DB-4DB6-B28D-1879CB0E0353}.CaF|Mixed Platforms.ActiveCfg = CaF|Any CPU
		{434CD947-D8DB-4DB6-B28D-1879CB0E0353}.CaF|x86.ActiveCfg = CaF|Any CPU
		{434CD947-D8DB-4DB6-B28D-1879CB0E0353}.Debug|Any CPU.ActiveCfg = Decelerator|Any CPU
		{434CD947-D8DB-4DB6-B28D-1879CB0E0353}.Debug|Any CPU.Build.0 = Decelerator|Any CPU
		{434CD947-D8DB-4DB6-B28D-1879CB0E0353}.Debug|Mixed Platforms.ActiveCfg = Decelerator|Any CPU
		{434CD947-D8DB-4DB6-B28D-1879CB0E0353}.Debug|Mixed Platforms.Build.0 = Decelerator|Any CPU
		{434CD947-D8DB-4DB6-B28D-1879CB0E0353}.Debug|x86.ActiveCfg = Decelerator|Any CPU
		{434CD947-D8DB-4DB6-B28D-1879CB0E0353}.Decelerator|Any CPU.ActiveCfg = Decelerator|Any CPU
		{434CD947-D8DB-4DB6-B28D-1879CB0E0353}.Decelerator|Mixed Platforms.ActiveCfg = Decelerator|Any CPU
		{434CD947-D8DB-4DB6-B28D-1879CB0E0353}.Decelerator|x86.ActiveCfg = Decelerator|Any CPU
		{434CD947-D8DB-4DB6-B28D-1879CB0E0353}.EDM|Any CPU.ActiveCfg = EDM|Any CPU
		{434CD947-D8DB-4DB6-B28D-1879CB0E0353}.EDM|Mixed Platforms.ActiveCfg = EDM|Any CPU
		{434CD947-D8DB-4DB6-B28D-1879CB0E0353}.EDM|x86.ActiveCfg = EDM|Any CPU
		{434CD947-D8DB-4DB6-B28D-1879CB0E0353}.EDMAnalysis|Any CPU.ActiveCfg = EDMAnalysis|Any CPU
		{434CD947-D8DB-4DB6-B28D-1879CB0E0353}.EDMAnalysis|Any CPU.Build.0 = EDMAnalysis|Any CPU
		{434CD947-D8DB-4DB6-B28D-1879CB0E0353}.EDMAnalysis|Mixed Platforms.ActiveCfg = EDMAnalysis|Any CPU
		{434CD947-D8DB-4DB6-B28D-1879CB0E0353}.EDMAnalysis|x86.ActiveCfg = EDMAnalysis|Any CPU
		{434CD947-D8DB-4DB6-B28D-1879CB0E0353}.Release|Any CPU.ActiveCfg = SrF|Any CPU
		{434CD947-D8DB-4DB6-B28D-1879CB0E0353}.Release|Any CPU.Build.0 = SrF|Any CPU
		{434CD947-D8DB-4DB6-B28D-1879CB0E0353}.Release|Mixed Platforms.ActiveCfg = SrF|Any CPU
		{434CD947-D8DB-4DB6-B28D-1879CB0E0353}.Release|Mixed Platforms.Build.0 = SrF|Any CPU
		{434CD947-D8DB-4DB6-B28D-1879CB0E0353}.Release|x86.ActiveCfg = SrF|Any CPU
		{434CD947-D8DB-4DB6-B28D-1879CB0E0353}.SrF|Any CPU.ActiveCfg = SrF|Any CPU
		{434CD947-D8DB-4DB6-B28D-1879CB0E0353}.SrF|Mixed Platforms.ActiveCfg = SrF|Any CPU
		{434CD947-D8DB-4DB6-B28D-1879CB0E0353}.SrF|Mixed Platforms.Build.0 = SrF|Any CPU
		{434CD947-D8DB-4DB6-B28D-1879CB0E0353}.SrF|x86.ActiveCfg = SrF|Any CPU
		{434CD947-D8DB-4DB6-B28D-1879CB0E0353}.Sympathetic|Any CPU.ActiveCfg = Sympathetic|Any CPU
		{434CD947-D8DB-4DB6-B28D-1879CB0E0353}.Sympathetic|Any CPU.Build.0 = Sympathetic|Any CPU
		{434CD947-D8DB-4DB6-B28D-1879CB0E0353}.Sympathetic|Mixed Platforms.ActiveCfg = Sympathetic|Any CPU
		{434CD947-D8DB-4DB6-B28D-1879CB0E0353}.Sympathetic|Mixed Platforms.Build.0 = Sympathetic|Any CPU
		{434CD947-D8DB-4DB6-B28D-1879CB0E0353}.Sympathetic|x86.ActiveCfg = Sympathetic|Any CPU
		{F1BF43A3-5641-4ADF-81CB-35BC0D9AC423}.AnritsuVNA|Any CPU.ActiveCfg = Sympathetic|Any CPU
		{F1BF43A3-5641-4ADF-81CB-35BC0D9AC423}.AnritsuVNA|Mixed Platforms.ActiveCfg = Sympathetic|Any CPU
		{F1BF43A3-5641-4ADF-81CB-35BC0D9AC423}.AnritsuVNA|Mixed Platforms.Build.0 = Sympathetic|Any CPU
		{F1BF43A3-5641-4ADF-81CB-35BC0D9AC423}.AnritsuVNA|x86.ActiveCfg = Sympathetic|Any CPU
		{F1BF43A3-5641-4ADF-81CB-35BC0D9AC423}.Buffer|Any CPU.ActiveCfg = Buffer|Any CPU
		{F1BF43A3-5641-4ADF-81CB-35BC0D9AC423}.Buffer|Mixed Platforms.ActiveCfg = Buffer|Any CPU
		{F1BF43A3-5641-4ADF-81CB-35BC0D9AC423}.Buffer|x86.ActiveCfg = Buffer|Any CPU
		{F1BF43A3-5641-4ADF-81CB-35BC0D9AC423}.BufferClassic|Any CPU.ActiveCfg = BufferClassic|Any CPU
		{F1BF43A3-5641-4ADF-81CB-35BC0D9AC423}.BufferClassic|Mixed Platforms.ActiveCfg = BufferClassic|Any CPU
		{F1BF43A3-5641-4ADF-81CB-35BC0D9AC423}.BufferClassic|x86.ActiveCfg = BufferClassic|Any CPU
		{F1BF43A3-5641-4ADF-81CB-35BC0D9AC423}.CaF|Any CPU.ActiveCfg = CaF|Any CPU
		{F1BF43A3-5641-4ADF-81CB-35BC0D9AC423}.CaF|Any CPU.Build.0 = CaF|Any CPU
		{F1BF43A3-5641-4ADF-81CB-35BC0D9AC423}.CaF|Mixed Platforms.ActiveCfg = CaF|Any CPU
		{F1BF43A3-5641-4ADF-81CB-35BC0D9AC423}.CaF|Mixed Platforms.Build.0 = CaF|Any CPU
		{F1BF43A3-5641-4ADF-81CB-35BC0D9AC423}.CaF|x86.ActiveCfg = CaF|Any CPU
		{F1BF43A3-5641-4ADF-81CB-35BC0D9AC423}.Debug|Any CPU.ActiveCfg = Decelerator|Any CPU
		{F1BF43A3-5641-4ADF-81CB-35BC0D9AC423}.Debug|Any CPU.Build.0 = Decelerator|Any CPU
		{F1BF43A3-5641-4ADF-81CB-35BC0D9AC423}.Debug|Mixed Platforms.ActiveCfg = Decelerator|Any CPU
		{F1BF43A3-5641-4ADF-81CB-35BC0D9AC423}.Debug|Mixed Platforms.Build.0 = Decelerator|Any CPU
		{F1BF43A3-5641-4ADF-81CB-35BC0D9AC423}.Debug|x86.ActiveCfg = Decelerator|Any CPU
		{F1BF43A3-5641-4ADF-81CB-35BC0D9AC423}.Decelerator|Any CPU.ActiveCfg = Decelerator|Any CPU
		{F1BF43A3-5641-4ADF-81CB-35BC0D9AC423}.Decelerator|Any CPU.Build.0 = Decelerator|Any CPU
		{F1BF43A3-5641-4ADF-81CB-35BC0D9AC423}.Decelerator|Mixed Platforms.ActiveCfg = Decelerator|Any CPU
		{F1BF43A3-5641-4ADF-81CB-35BC0D9AC423}.Decelerator|Mixed Platforms.Build.0 = Decelerator|Any CPU
		{F1BF43A3-5641-4ADF-81CB-35BC0D9AC423}.Decelerator|x86.ActiveCfg = Decelerator|Any CPU
		{F1BF43A3-5641-4ADF-81CB-35BC0D9AC423}.EDM|Any CPU.ActiveCfg = EDM|Any CPU
		{F1BF43A3-5641-4ADF-81CB-35BC0D9AC423}.EDM|Any CPU.Build.0 = EDM|Any CPU
		{F1BF43A3-5641-4ADF-81CB-35BC0D9AC423}.EDM|Mixed Platforms.ActiveCfg = EDM|Any CPU
		{F1BF43A3-5641-4ADF-81CB-35BC0D9AC423}.EDM|Mixed Platforms.Build.0 = EDM|Any CPU
		{F1BF43A3-5641-4ADF-81CB-35BC0D9AC423}.EDM|x86.ActiveCfg = EDM|Any CPU
		{F1BF43A3-5641-4ADF-81CB-35BC0D9AC423}.EDMAnalysis|Any CPU.ActiveCfg = EDMAnalysis|Any CPU
		{F1BF43A3-5641-4ADF-81CB-35BC0D9AC423}.EDMAnalysis|Mixed Platforms.ActiveCfg = EDMAnalysis|Any CPU
		{F1BF43A3-5641-4ADF-81CB-35BC0D9AC423}.EDMAnalysis|x86.ActiveCfg = EDMAnalysis|Any CPU
		{F1BF43A3-5641-4ADF-81CB-35BC0D9AC423}.Release|Any CPU.ActiveCfg = SrF|Any CPU
		{F1BF43A3-5641-4ADF-81CB-35BC0D9AC423}.Release|Any CPU.Build.0 = SrF|Any CPU
		{F1BF43A3-5641-4ADF-81CB-35BC0D9AC423}.Release|Mixed Platforms.ActiveCfg = SrF|Any CPU
		{F1BF43A3-5641-4ADF-81CB-35BC0D9AC423}.Release|Mixed Platforms.Build.0 = SrF|Any CPU
		{F1BF43A3-5641-4ADF-81CB-35BC0D9AC423}.Release|x86.ActiveCfg = SrF|Any CPU
		{F1BF43A3-5641-4ADF-81CB-35BC0D9AC423}.SrF|Any CPU.ActiveCfg = SrF|Any CPU
		{F1BF43A3-5641-4ADF-81CB-35BC0D9AC423}.SrF|Any CPU.Build.0 = SrF|Any CPU
		{F1BF43A3-5641-4ADF-81CB-35BC0D9AC423}.SrF|Mixed Platforms.ActiveCfg = SrF|Any CPU
		{F1BF43A3-5641-4ADF-81CB-35BC0D9AC423}.SrF|Mixed Platforms.Build.0 = SrF|Any CPU
		{F1BF43A3-5641-4ADF-81CB-35BC0D9AC423}.SrF|x86.ActiveCfg = SrF|Any CPU
		{F1BF43A3-5641-4ADF-81CB-35BC0D9AC423}.Sympathetic|Any CPU.ActiveCfg = Sympathetic|Any CPU
		{F1BF43A3-5641-4ADF-81CB-35BC0D9AC423}.Sympathetic|Any CPU.Build.0 = Sympathetic|Any CPU
		{F1BF43A3-5641-4ADF-81CB-35BC0D9AC423}.Sympathetic|Mixed Platforms.ActiveCfg = Sympathetic|Any CPU
		{F1BF43A3-5641-4ADF-81CB-35BC0D9AC423}.Sympathetic|Mixed Platforms.Build.0 = Sympathetic|Any CPU
		{F1BF43A3-5641-4ADF-81CB-35BC0D9AC423}.Sympathetic|x86.ActiveCfg = Sympathetic|Any CPU
		{17AE4B60-4B86-4A09-BEED-4C6A6CCFA8AF}.AnritsuVNA|Any CPU.ActiveCfg = Sympathetic|Any CPU
		{17AE4B60-4B86-4A09-BEED-4C6A6CCFA8AF}.AnritsuVNA|Mixed Platforms.ActiveCfg = Sympathetic|Any CPU
		{17AE4B60-4B86-4A09-BEED-4C6A6CCFA8AF}.AnritsuVNA|Mixed Platforms.Build.0 = Sympathetic|Any CPU
		{17AE4B60-4B86-4A09-BEED-4C6A6CCFA8AF}.AnritsuVNA|x86.ActiveCfg = Sympathetic|Any CPU
		{17AE4B60-4B86-4A09-BEED-4C6A6CCFA8AF}.Buffer|Any CPU.ActiveCfg = Buffer|Any CPU
		{17AE4B60-4B86-4A09-BEED-4C6A6CCFA8AF}.Buffer|Any CPU.Build.0 = Buffer|Any CPU
		{17AE4B60-4B86-4A09-BEED-4C6A6CCFA8AF}.Buffer|Mixed Platforms.ActiveCfg = Buffer|Any CPU
		{17AE4B60-4B86-4A09-BEED-4C6A6CCFA8AF}.Buffer|Mixed Platforms.Build.0 = Buffer|Any CPU
		{17AE4B60-4B86-4A09-BEED-4C6A6CCFA8AF}.Buffer|x86.ActiveCfg = Buffer|Any CPU
		{17AE4B60-4B86-4A09-BEED-4C6A6CCFA8AF}.BufferClassic|Any CPU.ActiveCfg = BufferClassic|Any CPU
		{17AE4B60-4B86-4A09-BEED-4C6A6CCFA8AF}.BufferClassic|Any CPU.Build.0 = BufferClassic|Any CPU
		{17AE4B60-4B86-4A09-BEED-4C6A6CCFA8AF}.BufferClassic|Mixed Platforms.ActiveCfg = BufferClassic|Any CPU
		{17AE4B60-4B86-4A09-BEED-4C6A6CCFA8AF}.BufferClassic|Mixed Platforms.Build.0 = BufferClassic|Any CPU
		{17AE4B60-4B86-4A09-BEED-4C6A6CCFA8AF}.BufferClassic|x86.ActiveCfg = BufferClassic|Any CPU
		{17AE4B60-4B86-4A09-BEED-4C6A6CCFA8AF}.CaF|Any CPU.ActiveCfg = CaF|Any CPU
		{17AE4B60-4B86-4A09-BEED-4C6A6CCFA8AF}.CaF|Mixed Platforms.ActiveCfg = CaF|Any CPU
		{17AE4B60-4B86-4A09-BEED-4C6A6CCFA8AF}.CaF|x86.ActiveCfg = CaF|Any CPU
		{17AE4B60-4B86-4A09-BEED-4C6A6CCFA8AF}.Debug|Any CPU.ActiveCfg = Decelerator|Any CPU
		{17AE4B60-4B86-4A09-BEED-4C6A6CCFA8AF}.Debug|Any CPU.Build.0 = Decelerator|Any CPU
		{17AE4B60-4B86-4A09-BEED-4C6A6CCFA8AF}.Debug|Mixed Platforms.ActiveCfg = Decelerator|Any CPU
		{17AE4B60-4B86-4A09-BEED-4C6A6CCFA8AF}.Debug|Mixed Platforms.Build.0 = Decelerator|Any CPU
		{17AE4B60-4B86-4A09-BEED-4C6A6CCFA8AF}.Debug|x86.ActiveCfg = Decelerator|Any CPU
		{17AE4B60-4B86-4A09-BEED-4C6A6CCFA8AF}.Decelerator|Any CPU.ActiveCfg = Decelerator|Any CPU
		{17AE4B60-4B86-4A09-BEED-4C6A6CCFA8AF}.Decelerator|Mixed Platforms.ActiveCfg = Decelerator|Any CPU
		{17AE4B60-4B86-4A09-BEED-4C6A6CCFA8AF}.Decelerator|x86.ActiveCfg = Decelerator|Any CPU
		{17AE4B60-4B86-4A09-BEED-4C6A6CCFA8AF}.EDM|Any CPU.ActiveCfg = EDM|Any CPU
		{17AE4B60-4B86-4A09-BEED-4C6A6CCFA8AF}.EDM|Mixed Platforms.ActiveCfg = EDM|Any CPU
		{17AE4B60-4B86-4A09-BEED-4C6A6CCFA8AF}.EDM|x86.ActiveCfg = EDM|Any CPU
		{17AE4B60-4B86-4A09-BEED-4C6A6CCFA8AF}.EDMAnalysis|Any CPU.ActiveCfg = EDMAnalysis|Any CPU
		{17AE4B60-4B86-4A09-BEED-4C6A6CCFA8AF}.EDMAnalysis|Mixed Platforms.ActiveCfg = EDMAnalysis|Any CPU
		{17AE4B60-4B86-4A09-BEED-4C6A6CCFA8AF}.EDMAnalysis|x86.ActiveCfg = EDMAnalysis|Any CPU
		{17AE4B60-4B86-4A09-BEED-4C6A6CCFA8AF}.Release|Any CPU.ActiveCfg = SrF|Any CPU
		{17AE4B60-4B86-4A09-BEED-4C6A6CCFA8AF}.Release|Any CPU.Build.0 = SrF|Any CPU
		{17AE4B60-4B86-4A09-BEED-4C6A6CCFA8AF}.Release|Mixed Platforms.ActiveCfg = SrF|Any CPU
		{17AE4B60-4B86-4A09-BEED-4C6A6CCFA8AF}.Release|Mixed Platforms.Build.0 = SrF|Any CPU
		{17AE4B60-4B86-4A09-BEED-4C6A6CCFA8AF}.Release|x86.ActiveCfg = SrF|Any CPU
		{17AE4B60-4B86-4A09-BEED-4C6A6CCFA8AF}.SrF|Any CPU.ActiveCfg = SrF|Any CPU
		{17AE4B60-4B86-4A09-BEED-4C6A6CCFA8AF}.SrF|Mixed Platforms.ActiveCfg = SrF|Any CPU
		{17AE4B60-4B86-4A09-BEED-4C6A6CCFA8AF}.SrF|Mixed Platforms.Build.0 = SrF|Any CPU
		{17AE4B60-4B86-4A09-BEED-4C6A6CCFA8AF}.SrF|x86.ActiveCfg = SrF|Any CPU
		{17AE4B60-4B86-4A09-BEED-4C6A6CCFA8AF}.Sympathetic|Any CPU.ActiveCfg = Sympathetic|Any CPU
		{17AE4B60-4B86-4A09-BEED-4C6A6CCFA8AF}.Sympathetic|Any CPU.Build.0 = Sympathetic|Any CPU
		{17AE4B60-4B86-4A09-BEED-4C6A6CCFA8AF}.Sympathetic|Mixed Platforms.ActiveCfg = Sympathetic|Any CPU
		{17AE4B60-4B86-4A09-BEED-4C6A6CCFA8AF}.Sympathetic|Mixed Platforms.Build.0 = Sympathetic|Any CPU
		{17AE4B60-4B86-4A09-BEED-4C6A6CCFA8AF}.Sympathetic|x86.ActiveCfg = Sympathetic|Any CPU
		{FCE9FC5D-8BC1-4517-B4F6-AA446831A930}.AnritsuVNA|Any CPU.ActiveCfg = Sympathetic|Any CPU
		{FCE9FC5D-8BC1-4517-B4F6-AA446831A930}.AnritsuVNA|Mixed Platforms.ActiveCfg = Sympathetic|Any CPU
		{FCE9FC5D-8BC1-4517-B4F6-AA446831A930}.AnritsuVNA|Mixed Platforms.Build.0 = Sympathetic|Any CPU
		{FCE9FC5D-8BC1-4517-B4F6-AA446831A930}.AnritsuVNA|x86.ActiveCfg = Sympathetic|Any CPU
		{FCE9FC5D-8BC1-4517-B4F6-AA446831A930}.Buffer|Any CPU.ActiveCfg = Buffer|Any CPU
		{FCE9FC5D-8BC1-4517-B4F6-AA446831A930}.Buffer|Any CPU.Build.0 = Buffer|Any CPU
		{FCE9FC5D-8BC1-4517-B4F6-AA446831A930}.Buffer|Mixed Platforms.ActiveCfg = Buffer|Any CPU
		{FCE9FC5D-8BC1-4517-B4F6-AA446831A930}.Buffer|Mixed Platforms.Build.0 = Buffer|Any CPU
		{FCE9FC5D-8BC1-4517-B4F6-AA446831A930}.Buffer|x86.ActiveCfg = Buffer|Any CPU
		{FCE9FC5D-8BC1-4517-B4F6-AA446831A930}.BufferClassic|Any CPU.ActiveCfg = BufferClassic|Any CPU
		{FCE9FC5D-8BC1-4517-B4F6-AA446831A930}.BufferClassic|Any CPU.Build.0 = BufferClassic|Any CPU
		{FCE9FC5D-8BC1-4517-B4F6-AA446831A930}.BufferClassic|Mixed Platforms.ActiveCfg = BufferClassic|Any CPU
		{FCE9FC5D-8BC1-4517-B4F6-AA446831A930}.BufferClassic|x86.ActiveCfg = BufferClassic|Any CPU
		{FCE9FC5D-8BC1-4517-B4F6-AA446831A930}.CaF|Any CPU.ActiveCfg = CaF|Any CPU
		{FCE9FC5D-8BC1-4517-B4F6-AA446831A930}.CaF|Any CPU.Build.0 = CaF|Any CPU
		{FCE9FC5D-8BC1-4517-B4F6-AA446831A930}.CaF|Mixed Platforms.ActiveCfg = CaF|Any CPU
		{FCE9FC5D-8BC1-4517-B4F6-AA446831A930}.CaF|x86.ActiveCfg = CaF|Any CPU
		{FCE9FC5D-8BC1-4517-B4F6-AA446831A930}.Debug|Any CPU.ActiveCfg = Decelerator|Any CPU
		{FCE9FC5D-8BC1-4517-B4F6-AA446831A930}.Debug|Any CPU.Build.0 = Decelerator|Any CPU
		{FCE9FC5D-8BC1-4517-B4F6-AA446831A930}.Debug|Mixed Platforms.ActiveCfg = Decelerator|Any CPU
		{FCE9FC5D-8BC1-4517-B4F6-AA446831A930}.Debug|Mixed Platforms.Build.0 = Decelerator|Any CPU
		{FCE9FC5D-8BC1-4517-B4F6-AA446831A930}.Debug|x86.ActiveCfg = Decelerator|Any CPU
		{FCE9FC5D-8BC1-4517-B4F6-AA446831A930}.Decelerator|Any CPU.ActiveCfg = Decelerator|Any CPU
		{FCE9FC5D-8BC1-4517-B4F6-AA446831A930}.Decelerator|Mixed Platforms.ActiveCfg = Decelerator|Any CPU
		{FCE9FC5D-8BC1-4517-B4F6-AA446831A930}.Decelerator|x86.ActiveCfg = Decelerator|Any CPU
		{FCE9FC5D-8BC1-4517-B4F6-AA446831A930}.EDM|Any CPU.ActiveCfg = EDM|Any CPU
		{FCE9FC5D-8BC1-4517-B4F6-AA446831A930}.EDM|Mixed Platforms.ActiveCfg = EDM|Any CPU
		{FCE9FC5D-8BC1-4517-B4F6-AA446831A930}.EDM|x86.ActiveCfg = EDM|Any CPU
		{FCE9FC5D-8BC1-4517-B4F6-AA446831A930}.EDMAnalysis|Any CPU.ActiveCfg = EDMAnalysis|Any CPU
		{FCE9FC5D-8BC1-4517-B4F6-AA446831A930}.EDMAnalysis|Mixed Platforms.ActiveCfg = EDMAnalysis|Any CPU
		{FCE9FC5D-8BC1-4517-B4F6-AA446831A930}.EDMAnalysis|x86.ActiveCfg = EDMAnalysis|Any CPU
		{FCE9FC5D-8BC1-4517-B4F6-AA446831A930}.Release|Any CPU.ActiveCfg = SrF|Any CPU
		{FCE9FC5D-8BC1-4517-B4F6-AA446831A930}.Release|Any CPU.Build.0 = SrF|Any CPU
		{FCE9FC5D-8BC1-4517-B4F6-AA446831A930}.Release|Mixed Platforms.ActiveCfg = SrF|Any CPU
		{FCE9FC5D-8BC1-4517-B4F6-AA446831A930}.Release|Mixed Platforms.Build.0 = SrF|Any CPU
		{FCE9FC5D-8BC1-4517-B4F6-AA446831A930}.Release|x86.ActiveCfg = SrF|Any CPU
		{FCE9FC5D-8BC1-4517-B4F6-AA446831A930}.SrF|Any CPU.ActiveCfg = SrF|Any CPU
		{FCE9FC5D-8BC1-4517-B4F6-AA446831A930}.SrF|Mixed Platforms.ActiveCfg = SrF|Any CPU
		{FCE9FC5D-8BC1-4517-B4F6-AA446831A930}.SrF|Mixed Platforms.Build.0 = SrF|Any CPU
		{FCE9FC5D-8BC1-4517-B4F6-AA446831A930}.SrF|x86.ActiveCfg = SrF|Any CPU
		{FCE9FC5D-8BC1-4517-B4F6-AA446831A930}.Sympathetic|Any CPU.ActiveCfg = Sympathetic|Any CPU
		{FCE9FC5D-8BC1-4517-B4F6-AA446831A930}.Sympathetic|Any CPU.Build.0 = Sympathetic|Any CPU
		{FCE9FC5D-8BC1-4517-B4F6-AA446831A930}.Sympathetic|Mixed Platforms.ActiveCfg = Sympathetic|Any CPU
		{FCE9FC5D-8BC1-4517-B4F6-AA446831A930}.Sympathetic|Mixed Platforms.Build.0 = Sympathetic|Any CPU
		{FCE9FC5D-8BC1-4517-B4F6-AA446831A930}.Sympathetic|x86.ActiveCfg = Sympathetic|Any CPU
		{693FBF90-F77E-4AC3-B91B-C8A8034D0B4D}.AnritsuVNA|Any CPU.ActiveCfg = Sympathetic|Any CPU
		{693FBF90-F77E-4AC3-B91B-C8A8034D0B4D}.AnritsuVNA|Mixed Platforms.ActiveCfg = Sympathetic|Any CPU
		{693FBF90-F77E-4AC3-B91B-C8A8034D0B4D}.AnritsuVNA|Mixed Platforms.Build.0 = Sympathetic|Any CPU
		{693FBF90-F77E-4AC3-B91B-C8A8034D0B4D}.AnritsuVNA|x86.ActiveCfg = Sympathetic|Any CPU
		{693FBF90-F77E-4AC3-B91B-C8A8034D0B4D}.Buffer|Any CPU.ActiveCfg = Buffer|Any CPU
		{693FBF90-F77E-4AC3-B91B-C8A8034D0B4D}.Buffer|Any CPU.Build.0 = Buffer|Any CPU
		{693FBF90-F77E-4AC3-B91B-C8A8034D0B4D}.Buffer|Mixed Platforms.ActiveCfg = Buffer|Any CPU
		{693FBF90-F77E-4AC3-B91B-C8A8034D0B4D}.Buffer|x86.ActiveCfg = Buffer|Any CPU
		{693FBF90-F77E-4AC3-B91B-C8A8034D0B4D}.BufferClassic|Any CPU.ActiveCfg = BufferClassic|Any CPU
		{693FBF90-F77E-4AC3-B91B-C8A8034D0B4D}.BufferClassic|Any CPU.Build.0 = BufferClassic|Any CPU
		{693FBF90-F77E-4AC3-B91B-C8A8034D0B4D}.BufferClassic|Mixed Platforms.ActiveCfg = BufferClassic|Any CPU
		{693FBF90-F77E-4AC3-B91B-C8A8034D0B4D}.BufferClassic|x86.ActiveCfg = BufferClassic|Any CPU
		{693FBF90-F77E-4AC3-B91B-C8A8034D0B4D}.CaF|Any CPU.ActiveCfg = CaF|Any CPU
		{693FBF90-F77E-4AC3-B91B-C8A8034D0B4D}.CaF|Mixed Platforms.ActiveCfg = CaF|Any CPU
		{693FBF90-F77E-4AC3-B91B-C8A8034D0B4D}.CaF|x86.ActiveCfg = CaF|Any CPU
		{693FBF90-F77E-4AC3-B91B-C8A8034D0B4D}.Debug|Any CPU.ActiveCfg = Decelerator|Any CPU
		{693FBF90-F77E-4AC3-B91B-C8A8034D0B4D}.Debug|Any CPU.Build.0 = Decelerator|Any CPU
		{693FBF90-F77E-4AC3-B91B-C8A8034D0B4D}.Debug|Mixed Platforms.ActiveCfg = Decelerator|Any CPU
		{693FBF90-F77E-4AC3-B91B-C8A8034D0B4D}.Debug|Mixed Platforms.Build.0 = Decelerator|Any CPU
		{693FBF90-F77E-4AC3-B91B-C8A8034D0B4D}.Debug|x86.ActiveCfg = Decelerator|Any CPU
		{693FBF90-F77E-4AC3-B91B-C8A8034D0B4D}.Decelerator|Any CPU.ActiveCfg = Decelerator|Any CPU
		{693FBF90-F77E-4AC3-B91B-C8A8034D0B4D}.Decelerator|Mixed Platforms.ActiveCfg = Decelerator|Any CPU
		{693FBF90-F77E-4AC3-B91B-C8A8034D0B4D}.Decelerator|x86.ActiveCfg = Decelerator|Any CPU
		{693FBF90-F77E-4AC3-B91B-C8A8034D0B4D}.EDM|Any CPU.ActiveCfg = EDM|Any CPU
		{693FBF90-F77E-4AC3-B91B-C8A8034D0B4D}.EDM|Mixed Platforms.ActiveCfg = EDM|Any CPU
		{693FBF90-F77E-4AC3-B91B-C8A8034D0B4D}.EDM|x86.ActiveCfg = EDM|Any CPU
		{693FBF90-F77E-4AC3-B91B-C8A8034D0B4D}.EDMAnalysis|Any CPU.ActiveCfg = EDMAnalysis|Any CPU
		{693FBF90-F77E-4AC3-B91B-C8A8034D0B4D}.EDMAnalysis|Mixed Platforms.ActiveCfg = EDMAnalysis|Any CPU
		{693FBF90-F77E-4AC3-B91B-C8A8034D0B4D}.EDMAnalysis|x86.ActiveCfg = EDMAnalysis|Any CPU
		{693FBF90-F77E-4AC3-B91B-C8A8034D0B4D}.Release|Any CPU.ActiveCfg = SrF|Any CPU
		{693FBF90-F77E-4AC3-B91B-C8A8034D0B4D}.Release|Any CPU.Build.0 = SrF|Any CPU
		{693FBF90-F77E-4AC3-B91B-C8A8034D0B4D}.Release|Mixed Platforms.ActiveCfg = SrF|Any CPU
		{693FBF90-F77E-4AC3-B91B-C8A8034D0B4D}.Release|Mixed Platforms.Build.0 = SrF|Any CPU
		{693FBF90-F77E-4AC3-B91B-C8A8034D0B4D}.Release|x86.ActiveCfg = SrF|Any CPU
		{693FBF90-F77E-4AC3-B91B-C8A8034D0B4D}.SrF|Any CPU.ActiveCfg = SrF|Any CPU
		{693FBF90-F77E-4AC3-B91B-C8A8034D0B4D}.SrF|Mixed Platforms.ActiveCfg = SrF|Any CPU
		{693FBF90-F77E-4AC3-B91B-C8A8034D0B4D}.SrF|Mixed Platforms.Build.0 = SrF|Any CPU
		{693FBF90-F77E-4AC3-B91B-C8A8034D0B4D}.SrF|x86.ActiveCfg = SrF|Any CPU
		{693FBF90-F77E-4AC3-B91B-C8A8034D0B4D}.Sympathetic|Any CPU.ActiveCfg = Sympathetic|Any CPU
		{693FBF90-F77E-4AC3-B91B-C8A8034D0B4D}.Sympathetic|Any CPU.Build.0 = Sympathetic|Any CPU
		{693FBF90-F77E-4AC3-B91B-C8A8034D0B4D}.Sympathetic|Mixed Platforms.ActiveCfg = Sympathetic|Any CPU
		{693FBF90-F77E-4AC3-B91B-C8A8034D0B4D}.Sympathetic|Mixed Platforms.Build.0 = Sympathetic|Any CPU
		{693FBF90-F77E-4AC3-B91B-C8A8034D0B4D}.Sympathetic|x86.ActiveCfg = Sympathetic|Any CPU
		{F5FE3F55-C1E7-4C23-B2CF-C0F70C2F5830}.AnritsuVNA|Any CPU.ActiveCfg = Sympathetic|Any CPU
		{F5FE3F55-C1E7-4C23-B2CF-C0F70C2F5830}.AnritsuVNA|Mixed Platforms.ActiveCfg = Sympathetic|Any CPU
		{F5FE3F55-C1E7-4C23-B2CF-C0F70C2F5830}.AnritsuVNA|x86.ActiveCfg = Sympathetic|Any CPU
		{F5FE3F55-C1E7-4C23-B2CF-C0F70C2F5830}.Buffer|Any CPU.ActiveCfg = Buffer|Any CPU
		{F5FE3F55-C1E7-4C23-B2CF-C0F70C2F5830}.Buffer|Any CPU.Build.0 = Buffer|Any CPU
		{F5FE3F55-C1E7-4C23-B2CF-C0F70C2F5830}.Buffer|Mixed Platforms.ActiveCfg = Buffer|Any CPU
		{F5FE3F55-C1E7-4C23-B2CF-C0F70C2F5830}.Buffer|x86.ActiveCfg = Buffer|Any CPU
		{F5FE3F55-C1E7-4C23-B2CF-C0F70C2F5830}.BufferClassic|Any CPU.ActiveCfg = BufferClassic|Any CPU
		{F5FE3F55-C1E7-4C23-B2CF-C0F70C2F5830}.BufferClassic|Any CPU.Build.0 = BufferClassic|Any CPU
		{F5FE3F55-C1E7-4C23-B2CF-C0F70C2F5830}.BufferClassic|Mixed Platforms.ActiveCfg = BufferClassic|Any CPU
		{F5FE3F55-C1E7-4C23-B2CF-C0F70C2F5830}.BufferClassic|x86.ActiveCfg = BufferClassic|Any CPU
		{F5FE3F55-C1E7-4C23-B2CF-C0F70C2F5830}.CaF|Any CPU.ActiveCfg = CaF|Any CPU
		{F5FE3F55-C1E7-4C23-B2CF-C0F70C2F5830}.CaF|Mixed Platforms.ActiveCfg = CaF|Any CPU
		{F5FE3F55-C1E7-4C23-B2CF-C0F70C2F5830}.CaF|x86.ActiveCfg = CaF|Any CPU
		{F5FE3F55-C1E7-4C23-B2CF-C0F70C2F5830}.Debug|Any CPU.ActiveCfg = Decelerator|Any CPU
		{F5FE3F55-C1E7-4C23-B2CF-C0F70C2F5830}.Debug|Any CPU.Build.0 = Decelerator|Any CPU
		{F5FE3F55-C1E7-4C23-B2CF-C0F70C2F5830}.Debug|Mixed Platforms.ActiveCfg = Decelerator|Any CPU
		{F5FE3F55-C1E7-4C23-B2CF-C0F70C2F5830}.Debug|Mixed Platforms.Build.0 = Decelerator|Any CPU
		{F5FE3F55-C1E7-4C23-B2CF-C0F70C2F5830}.Debug|x86.ActiveCfg = Decelerator|Any CPU
		{F5FE3F55-C1E7-4C23-B2CF-C0F70C2F5830}.Decelerator|Any CPU.ActiveCfg = Decelerator|Any CPU
		{F5FE3F55-C1E7-4C23-B2CF-C0F70C2F5830}.Decelerator|Mixed Platforms.ActiveCfg = Decelerator|Any CPU
		{F5FE3F55-C1E7-4C23-B2CF-C0F70C2F5830}.Decelerator|x86.ActiveCfg = Decelerator|Any CPU
		{F5FE3F55-C1E7-4C23-B2CF-C0F70C2F5830}.EDM|Any CPU.ActiveCfg = EDM|Any CPU
		{F5FE3F55-C1E7-4C23-B2CF-C0F70C2F5830}.EDM|Mixed Platforms.ActiveCfg = EDM|Any CPU
		{F5FE3F55-C1E7-4C23-B2CF-C0F70C2F5830}.EDM|x86.ActiveCfg = EDM|Any CPU
		{F5FE3F55-C1E7-4C23-B2CF-C0F70C2F5830}.EDMAnalysis|Any CPU.ActiveCfg = EDMAnalysis|Any CPU
		{F5FE3F55-C1E7-4C23-B2CF-C0F70C2F5830}.EDMAnalysis|Mixed Platforms.ActiveCfg = EDMAnalysis|Any CPU
		{F5FE3F55-C1E7-4C23-B2CF-C0F70C2F5830}.EDMAnalysis|x86.ActiveCfg = EDMAnalysis|Any CPU
		{F5FE3F55-C1E7-4C23-B2CF-C0F70C2F5830}.Release|Any CPU.ActiveCfg = SrF|Any CPU
		{F5FE3F55-C1E7-4C23-B2CF-C0F70C2F5830}.Release|Any CPU.Build.0 = SrF|Any CPU
		{F5FE3F55-C1E7-4C23-B2CF-C0F70C2F5830}.Release|Mixed Platforms.ActiveCfg = SrF|Any CPU
		{F5FE3F55-C1E7-4C23-B2CF-C0F70C2F5830}.Release|Mixed Platforms.Build.0 = SrF|Any CPU
		{F5FE3F55-C1E7-4C23-B2CF-C0F70C2F5830}.Release|x86.ActiveCfg = SrF|Any CPU
		{F5FE3F55-C1E7-4C23-B2CF-C0F70C2F5830}.SrF|Any CPU.ActiveCfg = SrF|Any CPU
		{F5FE3F55-C1E7-4C23-B2CF-C0F70C2F5830}.SrF|Mixed Platforms.ActiveCfg = SrF|Any CPU
		{F5FE3F55-C1E7-4C23-B2CF-C0F70C2F5830}.SrF|Mixed Platforms.Build.0 = SrF|Any CPU
		{F5FE3F55-C1E7-4C23-B2CF-C0F70C2F5830}.SrF|x86.ActiveCfg = SrF|Any CPU
		{F5FE3F55-C1E7-4C23-B2CF-C0F70C2F5830}.Sympathetic|Any CPU.ActiveCfg = Sympathetic|Any CPU
		{F5FE3F55-C1E7-4C23-B2CF-C0F70C2F5830}.Sympathetic|Mixed Platforms.ActiveCfg = Sympathetic|Any CPU
		{F5FE3F55-C1E7-4C23-B2CF-C0F70C2F5830}.Sympathetic|x86.ActiveCfg = Sympathetic|Any CPU
	EndGlobalSection
	GlobalSection(SolutionProperties) = preSolution
		HideSolutionNode = FALSE
	EndGlobalSection
EndGlobal
