Microsoft Visual Studio Solution File, Format Version 10.00
# Visual Studio 2008
Project("{2150E333-8FDC-42A3-9474-1A3956D46DE8}") = "Solution Items", "Solution Items", "{9CE823F3-EB70-424E-AD0D-2E2CF1BD0861}"
EndProject
Project("{FAE04EC0-301F-11D3-BF4B-00C04F79EFBC}") = "ScanMaster", "ScanMaster\ScanMaster.csproj", "{373F31F0-A7B3-4EDA-BFAC-8F9E948F6D40}"
EndProject
Project("{FAE04EC0-301F-11D3-BF4B-00C04F79EFBC}") = "DAQ", "DAQ\DAQ.csproj", "{BB737B99-2E9F-40C9-9809-895A7C51AD40}"
EndProject
Project("{FAE04EC0-301F-11D3-BF4B-00C04F79EFBC}") = "SharedCode", "SharedCode\SharedCode.csproj", "{BA0A0540-3F1C-483B-A180-CB78DF424F15}"
EndProject
Project("{FAE04EC0-301F-11D3-BF4B-00C04F79EFBC}") = "EDMHardwareControl", "EDMHardwareControl\EDMHardwareControl.csproj", "{DFE81EE7-F9AF-4551-B3D7-336F14101AB6}"
EndProject
Project("{FAE04EC0-301F-11D3-BF4B-00C04F79EFBC}") = "DecelerationHardwareControl", "DecelerationHardwareControl\DecelerationHardwareControl.csproj", "{5B795C2A-3D76-4F42-94DF-1E823ED7AB90}"
EndProject
Project("{FAE04EC0-301F-11D3-BF4B-00C04F79EFBC}") = "DecelerationLaserLock", "DecelerationLaserLock\DecelerationLaserLock.csproj", "{8A6D6B26-EE29-49AA-8C0D-8585FE8AB3CA}"
EndProject
Project("{FAE04EC0-301F-11D3-BF4B-00C04F79EFBC}") = "EDMBlockHead", "EDMBlockHead\EDMBlockHead.csproj", "{DE347012-B8E0-4A43-A37F-5F30D0F3CBE1}"
EndProject
Project("{FAE04EC0-301F-11D3-BF4B-00C04F79EFBC}") = "EDMPhaseLock", "EDMPhaseLock\EDMPhaseLock.csproj", "{216E6D83-0304-4A0C-9BA7-F9DDF58F274A}"
EndProject
Project("{FAE04EC0-301F-11D3-BF4B-00C04F79EFBC}") = "SympatheticHardwareControl", "SympatheticHardwareControl\SympatheticHardwareControl.csproj", "{B223A45D-2F25-437F-B7DF-CE6C8DF97451}"
	ProjectSection(ProjectDependencies) = postProject
		{BB737B99-2E9F-40C9-9809-895A7C51AD40} = {BB737B99-2E9F-40C9-9809-895A7C51AD40}
	EndProjectSection
EndProject
Project("{FAE04EC0-301F-11D3-BF4B-00C04F79EFBC}") = "SirCachealot", "SirCachealot\SirCachealot.csproj", "{548E9AAE-FE20-42BE-B66F-84C41B510610}"
EndProject
Project("{FAE04EC0-301F-11D3-BF4B-00C04F79EFBC}") = "TransferCavityLock", "TransferCavityLock\TransferCavityLock.csproj", "{F91026E7-ED05-403E-923B-686806A0DF4F}"
EndProject
Project("{FAE04EC0-301F-11D3-BF4B-00C04F79EFBC}") = "MOTMaster", "MOTMaster\MOTMaster.csproj", "{693FBF90-F77E-4AC3-B91B-C8A8034D0B4D}"
EndProject
Global
	GlobalSection(SolutionConfigurationPlatforms) = preSolution
		Buffer|Any CPU = Buffer|Any CPU
		Debug|Any CPU = Debug|Any CPU
		Decelerator|Any CPU = Decelerator|Any CPU
		EDM|Any CPU = EDM|Any CPU
		EDMAnalysis|Any CPU = EDMAnalysis|Any CPU
		Release|Any CPU = Release|Any CPU
		SrF|Any CPU = SrF|Any CPU
		Sympathetic|Any CPU = Sympathetic|Any CPU
	EndGlobalSection
	GlobalSection(ProjectConfigurationPlatforms) = postSolution
		{373F31F0-A7B3-4EDA-BFAC-8F9E948F6D40}.Buffer|Any CPU.ActiveCfg = Buffer|Any CPU
		{373F31F0-A7B3-4EDA-BFAC-8F9E948F6D40}.Buffer|Any CPU.Build.0 = Buffer|Any CPU
		{373F31F0-A7B3-4EDA-BFAC-8F9E948F6D40}.Debug|Any CPU.ActiveCfg = Decelerator|Any CPU
		{373F31F0-A7B3-4EDA-BFAC-8F9E948F6D40}.Debug|Any CPU.Build.0 = Decelerator|Any CPU
		{373F31F0-A7B3-4EDA-BFAC-8F9E948F6D40}.Decelerator|Any CPU.ActiveCfg = Decelerator|Any CPU
		{373F31F0-A7B3-4EDA-BFAC-8F9E948F6D40}.Decelerator|Any CPU.Build.0 = Decelerator|Any CPU
		{373F31F0-A7B3-4EDA-BFAC-8F9E948F6D40}.EDM|Any CPU.ActiveCfg = EDM|Any CPU
		{373F31F0-A7B3-4EDA-BFAC-8F9E948F6D40}.EDM|Any CPU.Build.0 = EDM|Any CPU
		{373F31F0-A7B3-4EDA-BFAC-8F9E948F6D40}.EDMAnalysis|Any CPU.ActiveCfg = EDMAnalysis|Any CPU
		{373F31F0-A7B3-4EDA-BFAC-8F9E948F6D40}.Release|Any CPU.ActiveCfg = SrF|Any CPU
		{373F31F0-A7B3-4EDA-BFAC-8F9E948F6D40}.Release|Any CPU.Build.0 = SrF|Any CPU
		{373F31F0-A7B3-4EDA-BFAC-8F9E948F6D40}.SrF|Any CPU.ActiveCfg = SrF|Any CPU
		{373F31F0-A7B3-4EDA-BFAC-8F9E948F6D40}.SrF|Any CPU.Build.0 = SrF|Any CPU
		{373F31F0-A7B3-4EDA-BFAC-8F9E948F6D40}.Sympathetic|Any CPU.ActiveCfg = Sympathetic|Any CPU
		{373F31F0-A7B3-4EDA-BFAC-8F9E948F6D40}.Sympathetic|Any CPU.Build.0 = Sympathetic|Any CPU
		{BB737B99-2E9F-40C9-9809-895A7C51AD40}.Buffer|Any CPU.ActiveCfg = Buffer|Any CPU
		{BB737B99-2E9F-40C9-9809-895A7C51AD40}.Buffer|Any CPU.Build.0 = Buffer|Any CPU
		{BB737B99-2E9F-40C9-9809-895A7C51AD40}.Debug|Any CPU.ActiveCfg = Decelerator|Any CPU
		{BB737B99-2E9F-40C9-9809-895A7C51AD40}.Debug|Any CPU.Build.0 = Decelerator|Any CPU
		{BB737B99-2E9F-40C9-9809-895A7C51AD40}.Decelerator|Any CPU.ActiveCfg = Decelerator|Any CPU
		{BB737B99-2E9F-40C9-9809-895A7C51AD40}.Decelerator|Any CPU.Build.0 = Decelerator|Any CPU
		{BB737B99-2E9F-40C9-9809-895A7C51AD40}.EDM|Any CPU.ActiveCfg = EDM|Any CPU
		{BB737B99-2E9F-40C9-9809-895A7C51AD40}.EDM|Any CPU.Build.0 = EDM|Any CPU
		{BB737B99-2E9F-40C9-9809-895A7C51AD40}.EDMAnalysis|Any CPU.ActiveCfg = EDMAnalysis|Any CPU
		{BB737B99-2E9F-40C9-9809-895A7C51AD40}.Release|Any CPU.ActiveCfg = SrF|Any CPU
		{BB737B99-2E9F-40C9-9809-895A7C51AD40}.Release|Any CPU.Build.0 = SrF|Any CPU
		{BB737B99-2E9F-40C9-9809-895A7C51AD40}.SrF|Any CPU.ActiveCfg = SrF|Any CPU
		{BB737B99-2E9F-40C9-9809-895A7C51AD40}.SrF|Any CPU.Build.0 = SrF|Any CPU
		{BB737B99-2E9F-40C9-9809-895A7C51AD40}.Sympathetic|Any CPU.ActiveCfg = Sympathetic|Any CPU
		{BB737B99-2E9F-40C9-9809-895A7C51AD40}.Sympathetic|Any CPU.Build.0 = Sympathetic|Any CPU
		{BA0A0540-3F1C-483B-A180-CB78DF424F15}.Buffer|Any CPU.ActiveCfg = Buffer|Any CPU
		{BA0A0540-3F1C-483B-A180-CB78DF424F15}.Buffer|Any CPU.Build.0 = Buffer|Any CPU
		{BA0A0540-3F1C-483B-A180-CB78DF424F15}.Debug|Any CPU.ActiveCfg = Decelerator|Any CPU
		{BA0A0540-3F1C-483B-A180-CB78DF424F15}.Debug|Any CPU.Build.0 = Decelerator|Any CPU
		{BA0A0540-3F1C-483B-A180-CB78DF424F15}.Decelerator|Any CPU.ActiveCfg = Decelerator|Any CPU
		{BA0A0540-3F1C-483B-A180-CB78DF424F15}.Decelerator|Any CPU.Build.0 = Decelerator|Any CPU
		{BA0A0540-3F1C-483B-A180-CB78DF424F15}.EDM|Any CPU.ActiveCfg = EDM|Any CPU
		{BA0A0540-3F1C-483B-A180-CB78DF424F15}.EDM|Any CPU.Build.0 = EDM|Any CPU
		{BA0A0540-3F1C-483B-A180-CB78DF424F15}.EDMAnalysis|Any CPU.ActiveCfg = EDMAnalysis|Any CPU
		{BA0A0540-3F1C-483B-A180-CB78DF424F15}.EDMAnalysis|Any CPU.Build.0 = EDMAnalysis|Any CPU
		{BA0A0540-3F1C-483B-A180-CB78DF424F15}.Release|Any CPU.ActiveCfg = SrF|Any CPU
		{BA0A0540-3F1C-483B-A180-CB78DF424F15}.Release|Any CPU.Build.0 = SrF|Any CPU
		{BA0A0540-3F1C-483B-A180-CB78DF424F15}.SrF|Any CPU.ActiveCfg = SrF|Any CPU
		{BA0A0540-3F1C-483B-A180-CB78DF424F15}.SrF|Any CPU.Build.0 = SrF|Any CPU
		{BA0A0540-3F1C-483B-A180-CB78DF424F15}.Sympathetic|Any CPU.ActiveCfg = Sympathetic|Any CPU
		{BA0A0540-3F1C-483B-A180-CB78DF424F15}.Sympathetic|Any CPU.Build.0 = Sympathetic|Any CPU
		{DFE81EE7-F9AF-4551-B3D7-336F14101AB6}.Buffer|Any CPU.ActiveCfg = Buffer|Any CPU
		{DFE81EE7-F9AF-4551-B3D7-336F14101AB6}.Debug|Any CPU.ActiveCfg = Decelerator|Any CPU
		{DFE81EE7-F9AF-4551-B3D7-336F14101AB6}.Debug|Any CPU.Build.0 = Decelerator|Any CPU
		{DFE81EE7-F9AF-4551-B3D7-336F14101AB6}.Decelerator|Any CPU.ActiveCfg = Decelerator|Any CPU
		{DFE81EE7-F9AF-4551-B3D7-336F14101AB6}.EDM|Any CPU.ActiveCfg = EDM|Any CPU
		{DFE81EE7-F9AF-4551-B3D7-336F14101AB6}.EDM|Any CPU.Build.0 = EDM|Any CPU
		{DFE81EE7-F9AF-4551-B3D7-336F14101AB6}.EDMAnalysis|Any CPU.ActiveCfg = EDMAnalysis|Any CPU
		{DFE81EE7-F9AF-4551-B3D7-336F14101AB6}.Release|Any CPU.ActiveCfg = SrF|Any CPU
		{DFE81EE7-F9AF-4551-B3D7-336F14101AB6}.Release|Any CPU.Build.0 = SrF|Any CPU
		{DFE81EE7-F9AF-4551-B3D7-336F14101AB6}.SrF|Any CPU.ActiveCfg = SrF|Any CPU
		{DFE81EE7-F9AF-4551-B3D7-336F14101AB6}.Sympathetic|Any CPU.ActiveCfg = Sympathetic|Any CPU
		{5B795C2A-3D76-4F42-94DF-1E823ED7AB90}.Buffer|Any CPU.ActiveCfg = Buffer|Any CPU
		{5B795C2A-3D76-4F42-94DF-1E823ED7AB90}.Debug|Any CPU.ActiveCfg = Decelerator|Any CPU
		{5B795C2A-3D76-4F42-94DF-1E823ED7AB90}.Debug|Any CPU.Build.0 = Decelerator|Any CPU
		{5B795C2A-3D76-4F42-94DF-1E823ED7AB90}.Decelerator|Any CPU.ActiveCfg = Decelerator|Any CPU
		{5B795C2A-3D76-4F42-94DF-1E823ED7AB90}.Decelerator|Any CPU.Build.0 = Decelerator|Any CPU
		{5B795C2A-3D76-4F42-94DF-1E823ED7AB90}.EDM|Any CPU.ActiveCfg = EDM|Any CPU
		{5B795C2A-3D76-4F42-94DF-1E823ED7AB90}.EDMAnalysis|Any CPU.ActiveCfg = EDMAnalysis|Any CPU
		{5B795C2A-3D76-4F42-94DF-1E823ED7AB90}.Release|Any CPU.ActiveCfg = SrF|Any CPU
		{5B795C2A-3D76-4F42-94DF-1E823ED7AB90}.Release|Any CPU.Build.0 = SrF|Any CPU
		{5B795C2A-3D76-4F42-94DF-1E823ED7AB90}.SrF|Any CPU.ActiveCfg = SrF|Any CPU
		{5B795C2A-3D76-4F42-94DF-1E823ED7AB90}.Sympathetic|Any CPU.ActiveCfg = Sympathetic|Any CPU
		{5B795C2A-3D76-4F42-94DF-1E823ED7AB90}.Sympathetic|Any CPU.Build.0 = Sympathetic|Any CPU
		{8A6D6B26-EE29-49AA-8C0D-8585FE8AB3CA}.Buffer|Any CPU.ActiveCfg = Buffer|Any CPU
		{8A6D6B26-EE29-49AA-8C0D-8585FE8AB3CA}.Debug|Any CPU.ActiveCfg = Decelerator|Any CPU
		{8A6D6B26-EE29-49AA-8C0D-8585FE8AB3CA}.Debug|Any CPU.Build.0 = Decelerator|Any CPU
		{8A6D6B26-EE29-49AA-8C0D-8585FE8AB3CA}.Decelerator|Any CPU.ActiveCfg = Decelerator|Any CPU
		{8A6D6B26-EE29-49AA-8C0D-8585FE8AB3CA}.Decelerator|Any CPU.Build.0 = Decelerator|Any CPU
		{8A6D6B26-EE29-49AA-8C0D-8585FE8AB3CA}.EDM|Any CPU.ActiveCfg = EDM|Any CPU
		{8A6D6B26-EE29-49AA-8C0D-8585FE8AB3CA}.EDMAnalysis|Any CPU.ActiveCfg = EDMAnalysis|Any CPU
		{8A6D6B26-EE29-49AA-8C0D-8585FE8AB3CA}.Release|Any CPU.ActiveCfg = SrF|Any CPU
		{8A6D6B26-EE29-49AA-8C0D-8585FE8AB3CA}.Release|Any CPU.Build.0 = SrF|Any CPU
		{8A6D6B26-EE29-49AA-8C0D-8585FE8AB3CA}.SrF|Any CPU.ActiveCfg = SrF|Any CPU
		{8A6D6B26-EE29-49AA-8C0D-8585FE8AB3CA}.Sympathetic|Any CPU.ActiveCfg = Sympathetic|Any CPU
		{DE347012-B8E0-4A43-A37F-5F30D0F3CBE1}.Buffer|Any CPU.ActiveCfg = Buffer|Any CPU
		{DE347012-B8E0-4A43-A37F-5F30D0F3CBE1}.Debug|Any CPU.ActiveCfg = Decelerator|Any CPU
		{DE347012-B8E0-4A43-A37F-5F30D0F3CBE1}.Debug|Any CPU.Build.0 = Decelerator|Any CPU
		{DE347012-B8E0-4A43-A37F-5F30D0F3CBE1}.Decelerator|Any CPU.ActiveCfg = Decelerator|Any CPU
		{DE347012-B8E0-4A43-A37F-5F30D0F3CBE1}.EDM|Any CPU.ActiveCfg = EDM|Any CPU
		{DE347012-B8E0-4A43-A37F-5F30D0F3CBE1}.EDM|Any CPU.Build.0 = EDM|Any CPU
		{DE347012-B8E0-4A43-A37F-5F30D0F3CBE1}.EDMAnalysis|Any CPU.ActiveCfg = EDMAnalysis|Any CPU
		{DE347012-B8E0-4A43-A37F-5F30D0F3CBE1}.Release|Any CPU.ActiveCfg = SrF|Any CPU
		{DE347012-B8E0-4A43-A37F-5F30D0F3CBE1}.Release|Any CPU.Build.0 = SrF|Any CPU
		{DE347012-B8E0-4A43-A37F-5F30D0F3CBE1}.SrF|Any CPU.ActiveCfg = SrF|Any CPU
		{DE347012-B8E0-4A43-A37F-5F30D0F3CBE1}.Sympathetic|Any CPU.ActiveCfg = Sympathetic|Any CPU
		{216E6D83-0304-4A0C-9BA7-F9DDF58F274A}.Buffer|Any CPU.ActiveCfg = Buffer|Any CPU
		{216E6D83-0304-4A0C-9BA7-F9DDF58F274A}.Debug|Any CPU.ActiveCfg = Decelerator|Any CPU
		{216E6D83-0304-4A0C-9BA7-F9DDF58F274A}.Debug|Any CPU.Build.0 = Decelerator|Any CPU
		{216E6D83-0304-4A0C-9BA7-F9DDF58F274A}.Decelerator|Any CPU.ActiveCfg = Decelerator|Any CPU
		{216E6D83-0304-4A0C-9BA7-F9DDF58F274A}.EDM|Any CPU.ActiveCfg = EDM|Any CPU
		{216E6D83-0304-4A0C-9BA7-F9DDF58F274A}.EDM|Any CPU.Build.0 = EDM|Any CPU
		{216E6D83-0304-4A0C-9BA7-F9DDF58F274A}.EDMAnalysis|Any CPU.ActiveCfg = EDMAnalysis|Any CPU
		{216E6D83-0304-4A0C-9BA7-F9DDF58F274A}.Release|Any CPU.ActiveCfg = SrF|Any CPU
		{216E6D83-0304-4A0C-9BA7-F9DDF58F274A}.Release|Any CPU.Build.0 = SrF|Any CPU
		{216E6D83-0304-4A0C-9BA7-F9DDF58F274A}.SrF|Any CPU.ActiveCfg = SrF|Any CPU
		{216E6D83-0304-4A0C-9BA7-F9DDF58F274A}.Sympathetic|Any CPU.ActiveCfg = Sympathetic|Any CPU
		{B223A45D-2F25-437F-B7DF-CE6C8DF97451}.Buffer|Any CPU.ActiveCfg = Buffer|Any CPU
		{B223A45D-2F25-437F-B7DF-CE6C8DF97451}.Debug|Any CPU.ActiveCfg = Decelerator|Any CPU
		{B223A45D-2F25-437F-B7DF-CE6C8DF97451}.Debug|Any CPU.Build.0 = Decelerator|Any CPU
		{B223A45D-2F25-437F-B7DF-CE6C8DF97451}.Decelerator|Any CPU.ActiveCfg = Decelerator|Any CPU
		{B223A45D-2F25-437F-B7DF-CE6C8DF97451}.EDM|Any CPU.ActiveCfg = EDM|Any CPU
		{B223A45D-2F25-437F-B7DF-CE6C8DF97451}.EDMAnalysis|Any CPU.ActiveCfg = EDMAnalysis|Any CPU
		{B223A45D-2F25-437F-B7DF-CE6C8DF97451}.Release|Any CPU.ActiveCfg = SrF|Any CPU
		{B223A45D-2F25-437F-B7DF-CE6C8DF97451}.Release|Any CPU.Build.0 = SrF|Any CPU
		{B223A45D-2F25-437F-B7DF-CE6C8DF97451}.SrF|Any CPU.ActiveCfg = SrF|Any CPU
		{B223A45D-2F25-437F-B7DF-CE6C8DF97451}.Sympathetic|Any CPU.ActiveCfg = Sympathetic|Any CPU
		{B223A45D-2F25-437F-B7DF-CE6C8DF97451}.Sympathetic|Any CPU.Build.0 = Sympathetic|Any CPU
		{548E9AAE-FE20-42BE-B66F-84C41B510610}.Buffer|Any CPU.ActiveCfg = Buffer|Any CPU
		{548E9AAE-FE20-42BE-B66F-84C41B510610}.Debug|Any CPU.ActiveCfg = Decelerator|Any CPU
		{548E9AAE-FE20-42BE-B66F-84C41B510610}.Debug|Any CPU.Build.0 = Decelerator|Any CPU
		{548E9AAE-FE20-42BE-B66F-84C41B510610}.Decelerator|Any CPU.ActiveCfg = Decelerator|Any CPU
		{548E9AAE-FE20-42BE-B66F-84C41B510610}.EDM|Any CPU.ActiveCfg = EDM|Any CPU
		{548E9AAE-FE20-42BE-B66F-84C41B510610}.EDM|Any CPU.Build.0 = EDM|Any CPU
		{548E9AAE-FE20-42BE-B66F-84C41B510610}.EDMAnalysis|Any CPU.ActiveCfg = EDMAnalysis|Any CPU
		{548E9AAE-FE20-42BE-B66F-84C41B510610}.EDMAnalysis|Any CPU.Build.0 = EDMAnalysis|Any CPU
		{548E9AAE-FE20-42BE-B66F-84C41B510610}.Release|Any CPU.ActiveCfg = SrF|Any CPU
		{548E9AAE-FE20-42BE-B66F-84C41B510610}.Release|Any CPU.Build.0 = SrF|Any CPU
		{548E9AAE-FE20-42BE-B66F-84C41B510610}.SrF|Any CPU.ActiveCfg = SrF|Any CPU
		{548E9AAE-FE20-42BE-B66F-84C41B510610}.Sympathetic|Any CPU.ActiveCfg = Sympathetic|Any CPU
		{F91026E7-ED05-403E-923B-686806A0DF4F}.Buffer|Any CPU.ActiveCfg = Buffer|Any CPU
		{F91026E7-ED05-403E-923B-686806A0DF4F}.Debug|Any CPU.ActiveCfg = Debug|Any CPU
		{F91026E7-ED05-403E-923B-686806A0DF4F}.Debug|Any CPU.Build.0 = Debug|Any CPU
		{F91026E7-ED05-403E-923B-686806A0DF4F}.Decelerator|Any CPU.ActiveCfg = Decelerator|Any CPU
		{F91026E7-ED05-403E-923B-686806A0DF4F}.Decelerator|Any CPU.Build.0 = Decelerator|Any CPU
		{F91026E7-ED05-403E-923B-686806A0DF4F}.EDM|Any CPU.ActiveCfg = EDM|Any CPU
		{F91026E7-ED05-403E-923B-686806A0DF4F}.EDMAnalysis|Any CPU.ActiveCfg = EDMAnalysis|Any CPU
		{F91026E7-ED05-403E-923B-686806A0DF4F}.Release|Any CPU.ActiveCfg = Release|Any CPU
		{F91026E7-ED05-403E-923B-686806A0DF4F}.Release|Any CPU.Build.0 = Release|Any CPU
		{F91026E7-ED05-403E-923B-686806A0DF4F}.SrF|Any CPU.ActiveCfg = SrF|Any CPU
		{F91026E7-ED05-403E-923B-686806A0DF4F}.Sympathetic|Any CPU.ActiveCfg = Sympathetic|Any CPU
		{F91026E7-ED05-403E-923B-686806A0DF4F}.Sympathetic|Any CPU.Build.0 = Sympathetic|Any CPU
		{693FBF90-F77E-4AC3-B91B-C8A8034D0B4D}.Buffer|Any CPU.ActiveCfg = Release|Any CPU
		{693FBF90-F77E-4AC3-B91B-C8A8034D0B4D}.Buffer|Any CPU.Build.0 = Release|Any CPU
		{693FBF90-F77E-4AC3-B91B-C8A8034D0B4D}.Debug|Any CPU.ActiveCfg = Debug|Any CPU
		{693FBF90-F77E-4AC3-B91B-C8A8034D0B4D}.Debug|Any CPU.Build.0 = Debug|Any CPU
		{693FBF90-F77E-4AC3-B91B-C8A8034D0B4D}.Decelerator|Any CPU.ActiveCfg = Debug|Any CPU
		{693FBF90-F77E-4AC3-B91B-C8A8034D0B4D}.Decelerator|Any CPU.Build.0 = Debug|Any CPU
		{693FBF90-F77E-4AC3-B91B-C8A8034D0B4D}.EDM|Any CPU.ActiveCfg = Release|Any CPU
		{693FBF90-F77E-4AC3-B91B-C8A8034D0B4D}.EDM|Any CPU.Build.0 = Release|Any CPU
		{693FBF90-F77E-4AC3-B91B-C8A8034D0B4D}.EDMAnalysis|Any CPU.ActiveCfg = Release|Any CPU
		{693FBF90-F77E-4AC3-B91B-C8A8034D0B4D}.EDMAnalysis|Any CPU.Build.0 = Release|Any CPU
		{693FBF90-F77E-4AC3-B91B-C8A8034D0B4D}.Release|Any CPU.ActiveCfg = Release|Any CPU
		{693FBF90-F77E-4AC3-B91B-C8A8034D0B4D}.Release|Any CPU.Build.0 = Release|Any CPU
		{693FBF90-F77E-4AC3-B91B-C8A8034D0B4D}.SrF|Any CPU.ActiveCfg = Release|Any CPU
		{693FBF90-F77E-4AC3-B91B-C8A8034D0B4D}.SrF|Any CPU.Build.0 = Release|Any CPU
		{693FBF90-F77E-4AC3-B91B-C8A8034D0B4D}.Sympathetic|Any CPU.ActiveCfg = Release|Any CPU
		{693FBF90-F77E-4AC3-B91B-C8A8034D0B4D}.Sympathetic|Any CPU.Build.0 = Release|Any CPU
	EndGlobalSection
	GlobalSection(SolutionProperties) = preSolution
		HideSolutionNode = FALSE
	EndGlobalSection
EndGlobal
