
Microsoft Visual Studio Solution File, Format Version 12.00
# Visual Studio 15
VisualStudioVersion = 15.0.28307.1022
MinimumVisualStudioVersion = 10.0.40219.1
Project("{8BC9CEB8-8B4A-11D0-8D11-00A0C91BC942}") = "devicebuffermode", "devicebuffermode.vcxproj", "{3F520C34-9321-4EC0-BFDE-387734B0CDB9}"
EndProject
Global
	GlobalSection(SolutionConfigurationPlatforms) = preSolution
		Debug|x64 = Debug|x64
		Debug|x86 = Debug|x86
		Release|x64 = Release|x64
		Release|x86 = Release|x86
	EndGlobalSection
	GlobalSection(ProjectConfigurationPlatforms) = postSolution
		{3F520C34-9321-4EC0-BFDE-387734B0CDB9}.Debug|x64.ActiveCfg = Debug|x64
		{3F520C34-9321-4EC0-BFDE-387734B0CDB9}.Debug|x64.Build.0 = Debug|x64
		{3F520C34-9321-4EC0-BFDE-387734B0CDB9}.Debug|x86.ActiveCfg = Debug|Win32
		{3F520C34-9321-4EC0-BFDE-387734B0CDB9}.Debug|x86.Build.0 = Debug|Win32
		{3F520C34-9321-4EC0-BFDE-387734B0CDB9}.Release|x64.ActiveCfg = Release|x64
		{3F520C34-9321-4EC0-BFDE-387734B0CDB9}.Release|x64.Build.0 = Release|x64
		{3F520C34-9321-4EC0-BFDE-387734B0CDB9}.Release|x86.ActiveCfg = Release|Win32
		{3F520C34-9321-4EC0-BFDE-387734B0CDB9}.Release|x86.Build.0 = Release|Win32
	EndGlobalSection
	GlobalSection(SolutionProperties) = preSolution
		HideSolutionNode = FALSE
	EndGlobalSection
	GlobalSection(ExtensibilityGlobals) = postSolution
		SolutionGuid = {D4EA3EFB-1E84-459B-8145-EBF8616E8764}
	EndGlobalSection
EndGlobal
