
Microsoft Visual Studio Solution File, Format Version 10.00
# Visual Studio 2008
Project("{FAE04EC0-301F-11D3-BF4B-00C04F79EFBC}") = "SimpleSample", "SimpleSample.csproj", "{D2B91C87-F586-4EBC-9F5B-86B71999EAFC}"
EndProject
Global
	GlobalSection(SolutionConfigurationPlatforms) = preSolution
		Debug|Any CPU = Debug|Any CPU
		Release|Any CPU = Release|Any CPU
	EndGlobalSection
	GlobalSection(ProjectConfigurationPlatforms) = postSolution
		{D2B91C87-F586-4EBC-9F5B-86B71999EAFC}.Debug|Any CPU.ActiveCfg = Debug|Any CPU
		{D2B91C87-F586-4EBC-9F5B-86B71999EAFC}.Debug|Any CPU.Build.0 = Debug|Any CPU
		{D2B91C87-F586-4EBC-9F5B-86B71999EAFC}.Release|Any CPU.ActiveCfg = Release|Any CPU
		{D2B91C87-F586-4EBC-9F5B-86B71999EAFC}.Release|Any CPU.Build.0 = Release|Any CPU
	EndGlobalSection
	GlobalSection(SolutionProperties) = preSolution
		HideSolutionNode = FALSE
	EndGlobalSection
EndGlobal
